<?xml version="1.0" encoding="utf-8"?>
<Project ToolsVersion="4.0" xmlns="http://schemas.microsoft.com/developer/msbuild/2003">
  <ItemGroup>
    <Filter Include="Source Files">
      <UniqueIdentifier>{4FC737F1-C7A5-4376-A066-2A32D752A2FF}</UniqueIdentifier>
      <Extensions>cpp;c;cc;cxx;c++;cppm;ixx;def;odl;idl;hpj;bat;asm;asmx</Extensions>
    </Filter>
    <Filter Include="Header Files">
      <UniqueIdentifier>{93995380-89BD-4b04-88EB-625FBE52EBFB}</UniqueIdentifier>
      <Extensions>h;hh;hpp;hxx;h++;hm;inl;inc;ipp;xsd</Extensions>
    </Filter>
    <Filter Include="Resource Files">
      <UniqueIdentifier>{67DA6AB6-F800-4c08-8B7A-83BB121AAD01}</UniqueIdentifier>
      <Extensions>rc;ico;cur;bmp;dlg;rc2;rct;bin;rgs;gif;jpg;jpeg;jpe;resx;tiff;tif;png;wav;mfcribbon-ms</Extensions>
    </Filter>
  </ItemGroup>
  <ItemGroup>
    <ClCompile Include="ext\imgui\imgui.cpp">
      <Filter>Source Files</Filter>
    </ClCompile>
    <ClCompile Include="ext\imgui\imgui_draw.cpp">
      <Filter>Source Files</Filter>
    </ClCompile>
    <ClCompile Include="ext\imgui\imgui_impl_dx11.cpp">
      <Filter>Source Files</Filter>
    </ClCompile>
    <ClCompile Include="ext\imgui\imgui_impl_win32.cpp">
      <Filter>Source Files</Filter>
    </ClCompile>
    <ClCompile Include="ext\imgui\imgui_tables.cpp">
      <Filter>Source Files</Filter>
    </ClCompile>
    <ClCompile Include="ext\imgui\imgui_widgets.cpp">
      <Filter>Source Files</Filter>
    </ClCompile>
    <ClCompile Include="ext\fmt\format.cc">
      <Filter>Source Files</Filter>
    </ClCompile>
    <ClCompile Include="util\Logger.cpp">
      <Filter>Source Files</Filter>
    </ClCompile>
    <ClCompile Include="util\camera\Homography.cpp">
      <Filter>Source Files</Filter>
    </ClCompile>
    <ClCompile Include="util\capture\WindowCapture.cpp">
      <Filter>Source Files</Filter>
    </ClCompile>
    <ClCompile Include="util\renderer\VirtualWindowRenderer.cpp">
      <Filter>Source Files</Filter>
    </ClCompile>
    <ClCompile Include="ext\libremidi\libremidi.cpp">
      <Filter>Source Files</Filter>
    </ClCompile>
    <ClCompile Include="ext\libremidi\reader.cpp">
      <Filter>Source Files</Filter>
    </ClCompile>
    <ClCompile Include="ext\libremidi\writer.cpp">
      <Filter>Source Files</Filter>
    </ClCompile>
    <ClCompile Include="src\MidiVisualizer\helpers\Configuration.cpp">
      <Filter>Source Files</Filter>
    </ClCompile>
    <ClCompile Include="src\MidiVisualizer\helpers\ImGuiStyle.cpp">
      <Filter>Source Files</Filter>
    </ClCompile>
    <ClCompile Include="src\MidiVisualizer\helpers\ProgramUtilities.cpp">
      <Filter>Source Files</Filter>
    </ClCompile>
    <ClCompile Include="src\MidiVisualizer\helpers\ResourcesManager.cpp">
      <Filter>Source Files</Filter>
    </ClCompile>
    <ClCompile Include="src\MidiVisualizer\helpers\System.cpp">
      <Filter>Source Files</Filter>
    </ClCompile>
    <ClCompile Include="src\MidiVisualizer\midi\MIDIBase.cpp">
      <Filter>Source Files</Filter>
    </ClCompile>
    <ClCompile Include="src\MidiVisualizer\midi\MIDIFile.cpp">
      <Filter>Source Files</Filter>
    </ClCompile>
    <ClCompile Include="src\MidiVisualizer\midi\MIDITrack.cpp">
      <Filter>Source Files</Filter>
    </ClCompile>
    <ClCompile Include="src\MidiVisualizer\midi\MIDIUtils.cpp">
      <Filter>Source Files</Filter>
    </ClCompile>
    <ClCompile Include="src\MidiVisualizer\rendering\camera\MidiCamera.cpp">
      <Filter>Source Files</Filter>
    </ClCompile>
    <ClCompile Include="src\MidiVisualizer\rendering\scene\MIDIScene.cpp">
      <Filter>Source Files</Filter>
    </ClCompile>
    <ClCompile Include="src\MidiVisualizer\rendering\scene\MIDISceneFile.cpp">
      <Filter>Source Files</Filter>
    </ClCompile>
    <ClCompile Include="src\MidiVisualizer\rendering\scene\MIDISceneLive.cpp">
      <Filter>Source Files</Filter>
    </ClCompile>
    <ClCompile Include="src\MidiVisualizer\rendering\Framebuffer.cpp">
      <Filter>Source Files</Filter>
    </ClCompile>
    <ClCompile Include="src\MidiVisualizer\rendering\Renderer.cpp">
      <Filter>Source Files</Filter>
    </ClCompile>
    <ClCompile Include="src\MidiVisualizer\rendering\ScreenQuad.cpp">
      <Filter>Source Files</Filter>
    </ClCompile>
    <ClCompile Include="src\MidiVisualizer\rendering\SetOptions.cpp">
      <Filter>Source Files</Filter>
    </ClCompile>
    <ClCompile Include="src\MidiVisualizer\rendering\State.cpp">
      <Filter>Source Files</Filter>
    </ClCompile>
    <ClCompile Include="src\MidiVisualizer\rendering\Viewer.cpp">
      <Filter>Source Files</Filter>
    </ClCompile>
    <ClCompile Include="src\MidiVisualizer\resources\flash_image.cpp">
      <Filter>Source Files</Filter>
    </ClCompile>
    <ClCompile Include="src\MidiVisualizer\resources\font_image.cpp">
      <Filter>Source Files</Filter>
    </ClCompile>
    <ClCompile Include="src\MidiVisualizer\resources\meshes.cpp">
      <Filter>Source Files</Filter>
    </ClCompile>
    <ClCompile Include="src\MidiVisualizer\resources\noise_image.cpp">
      <Filter>Source Files</Filter>
    </ClCompile>
    <ClCompile Include="src\MidiVisualizer\resources\particles_image.cpp">
      <Filter>Source Files</Filter>
    </ClCompile>
    <ClCompile Include="src\MidiVisualizer\resources\pedal_center_image.cpp">
      <Filter>Source Files</Filter>
    </ClCompile>
    <ClCompile Include="src\MidiVisualizer\resources\pedal_side_image.cpp">
      <Filter>Source Files</Filter>
    </ClCompile>
    <ClCompile Include="src\MidiVisualizer\resources\pedal_top_image.cpp">
      <Filter>Source Files</Filter>
    </ClCompile>
    <ClCompile Include="src\MidiVisualizer\resources\shaders.cpp">
      <Filter>Source Files</Filter>
    </ClCompile>
    <ClCompile Include="src\Audio\vst\VSTEventList.cpp">
      <Filter>Source Files</Filter>
    </ClCompile>
    <ClCompile Include="src\Audio\vst\VSTPlugin.cpp">
      <Filter>Source Files</Filter>
    </ClCompile>
    <ClCompile Include="src\Audio\vst\VSTHostApplication.cpp">
      <Filter>Source Files</Filter>
    </ClCompile>
    <ClCompile Include="util\dragDrop\FileDropTarget.cpp">
      <Filter>Source Files</Filter>
    </ClCompile>
    <ClCompile Include="src\PianoVisualizer.cpp">
      <Filter>Source Files</Filter>
    </ClCompile>
    <ClCompile Include="src\main.cpp">
      <Filter>Source Files</Filter>
    </ClCompile>
    <ClCompile Include="util\gui.cpp">
      <Filter>Source Files</Filter>
    </ClCompile>
    <ClCompile Include="util\camera\Camera.cpp">
      <Filter>Source Files</Filter>
    </ClCompile>
    <ClCompile Include="util\camera\CameraControls.cpp">
      <Filter>Source Files</Filter>
    </ClCompile>
    <ClCompile Include="src\Audio\AudioOutput.cpp">
      <Filter>Source Files</Filter>
    </ClCompile>
    <ClCompile Include="src\Audio\AudioEngine.cpp">
      <Filter>Source Files</Filter>
    </ClCompile>
    <ClCompile Include="src\Audio\vst\VSTAudio.cpp">
      <Filter>Source Files</Filter>
    </ClCompile>
    <ClCompile Include="src\Audio\vst\VSTComponentHandler.cpp">
      <Filter>Source Files</Filter>
    </ClCompile>
    <ClCompile Include="ext\vst3sdk\public.sdk\source\main\moduleinit.cpp">
      <Filter>Source Files</Filter>
    </ClCompile>
    <ClCompile Include="ext\vst3sdk\public.sdk\source\main\dllmain.cpp">
      <Filter>Source Files</Filter>
    </ClCompile>
    <ClCompile Include="src\Audio\vst\VSTStateStream.cpp">
      <Filter>Source Files</Filter>
    </ClCompile>
    <ClCompile Include="src\VirtualCameraExtension\VirtualCameraExtension.cpp">
      <Filter>Source Files</Filter>
    </ClCompile>
    <ClCompile Include="util\camera\CameraVideoEncoder.cpp">
      <Filter>Source Files</Filter>
    </ClCompile>
    <ClCompile Include="util\camera\CameraVideoPlayer.cpp">
      <Filter>Source Files</Filter>
    </ClCompile>
    <ClCompile Include="src\MidiVisualizer\resources\playButton_image.cpp">
      <Filter>Source Files</Filter>
    </ClCompile>
    <ClCompile Include="src\MidiVisualizer\resources\stopButton_image.cpp">
      <Filter>Source Files</Filter>
    </ClCompile>
    <ClCompile Include="src\MidiVisualizer\resources\pauseButton_image.cpp">
      <Filter>Source Files</Filter>
    </ClCompile>
    <ClCompile Include="src\MidiVisualizer\resources\replayButton_image.cpp">
      <Filter>Source Files</Filter>
    </ClCompile>
  </ItemGroup>
  <ItemGroup>
    <ClInclude Include="ext\imgui\imconfig.h">
      <Filter>Header Files</Filter>
    </ClInclude>
    <ClInclude Include="ext\imgui\imgui.h">
      <Filter>Header Files</Filter>
    </ClInclude>
    <ClInclude Include="ext\imgui\imgui_impl_dx11.h">
      <Filter>Header Files</Filter>
    </ClInclude>
    <ClInclude Include="ext\imgui\imgui_impl_win32.h">
      <Filter>Header Files</Filter>
    </ClInclude>
    <ClInclude Include="ext\imgui\imgui_internal.h">
      <Filter>Header Files</Filter>
    </ClInclude>
    <ClInclude Include="ext\imgui\imstb_rectpack.h">
      <Filter>Header Files</Filter>
    </ClInclude>
    <ClInclude Include="ext\imgui\imstb_textedit.h">
      <Filter>Header Files</Filter>
    </ClInclude>
    <ClInclude Include="ext\imgui\imstb_truetype.h">
      <Filter>Header Files</Filter>
    </ClInclude>
    <ClInclude Include="ext\fmt\core.h">
      <Filter>Header Files</Filter>
    </ClInclude>
    <ClInclude Include="ext\fmt\format.h">
      <Filter>Header Files</Filter>
    </ClInclude>
    <ClInclude Include="ext\fmt\format-inl.h">
      <Filter>Header Files</Filter>
    </ClInclude>
    <ClInclude Include="ext\nlohmann\json.hpp">
      <Filter>Header Files</Filter>
    </ClInclude>
    <ClInclude Include="util\Logger.h">
      <Filter>Header Files</Filter>
    </ClInclude>
    <ClInclude Include="ext\stb_image.h">
      <Filter>Header Files</Filter>
    </ClInclude>
    <ClInclude Include="util\camera\Homography.h">
      <Filter>Header Files</Filter>
    </ClInclude>
    <ClInclude Include="util\capture\WindowCapture.h">
      <Filter>Header Files</Filter>
    </ClInclude>
    <ClInclude Include="util\renderer\VirtualWindowRenderer.h">
      <Filter>Header Files</Filter>
    </ClInclude>
    <ClInclude Include="util\helpers.h">
      <Filter>Header Files</Filter>
    </ClInclude>
    <ClInclude Include="util\gui.h">
      <Filter>Header Files</Filter>
    </ClInclude>
    <ClInclude Include="util\config.h">
      <Filter>Header Files</Filter>
    </ClInclude>
    <ClInclude Include="ext\libremidi\detail\conversion.hpp">
      <Filter>Header Files</Filter>
    </ClInclude>
    <ClInclude Include="ext\libremidi\detail\memory.hpp">
      <Filter>Header Files</Filter>
    </ClInclude>
    <ClInclude Include="ext\libremidi\detail\midi_api.hpp">
      <Filter>Header Files</Filter>
    </ClInclude>
    <ClInclude Include="ext\libremidi\detail\midi_in.hpp">
      <Filter>Header Files</Filter>
    </ClInclude>
    <ClInclude Include="ext\libremidi\detail\midi_out.hpp">
      <Filter>Header Files</Filter>
    </ClInclude>
    <ClInclude Include="ext\libremidi\detail\midi_stream_decoder.hpp">
      <Filter>Header Files</Filter>
    </ClInclude>
    <ClInclude Include="ext\libremidi\detail\observer.hpp">
      <Filter>Header Files</Filter>
    </ClInclude>
    <ClInclude Include="ext\libremidi\detail\polyfill.hpp">
      <Filter>Header Files</Filter>
    </ClInclude>
    <ClInclude Include="ext\libremidi\detail\semaphore.hpp">
      <Filter>Header Files</Filter>
    </ClInclude>
    <ClInclude Include="ext\libremidi\detail\ump_stream.hpp">
      <Filter>Header Files</Filter>
    </ClInclude>
    <ClInclude Include="ext\libremidi\protocols\mmc.hpp">
      <Filter>Header Files</Filter>
    </ClInclude>
    <ClInclude Include="ext\libremidi\protocols\msc.hpp">
      <Filter>Header Files</Filter>
    </ClInclude>
    <ClInclude Include="ext\libremidi\protocols\mvc.hpp">
      <Filter>Header Files</Filter>
    </ClInclude>
    <ClInclude Include="ext\libremidi\protocols\remote_control.hpp">
      <Filter>Header Files</Filter>
    </ClInclude>
    <ClInclude Include="ext\libremidi\api-c.h">
      <Filter>Header Files</Filter>
    </ClInclude>
    <ClInclude Include="ext\libremidi\backends.hpp">
      <Filter>Header Files</Filter>
    </ClInclude>
    <ClInclude Include="ext\libremidi\client.hpp">
      <Filter>Header Files</Filter>
    </ClInclude>
    <ClInclude Include="ext\libremidi\cmidi2.hpp">
      <Filter>Header Files</Filter>
    </ClInclude>
    <ClInclude Include="ext\libremidi\config.hpp">
      <Filter>Header Files</Filter>
    </ClInclude>
    <ClInclude Include="ext\libremidi\configurations.hpp">
      <Filter>Header Files</Filter>
    </ClInclude>
    <ClInclude Include="ext\libremidi\defaults.hpp">
      <Filter>Header Files</Filter>
    </ClInclude>
    <ClInclude Include="ext\libremidi\error.hpp">
      <Filter>Header Files</Filter>
    </ClInclude>
    <ClInclude Include="ext\libremidi\error_handler.hpp">
      <Filter>Header Files</Filter>
    </ClInclude>
    <ClInclude Include="ext\libremidi\input_configuration.hpp">
      <Filter>Header Files</Filter>
    </ClInclude>
    <ClInclude Include="ext\libremidi\libremidi.hpp">
      <Filter>Header Files</Filter>
    </ClInclude>
    <ClInclude Include="ext\libremidi\libremidi-c.h">
      <Filter>Header Files</Filter>
    </ClInclude>
    <ClInclude Include="ext\libremidi\message.hpp">
      <Filter>Header Files</Filter>
    </ClInclude>
    <ClInclude Include="ext\libremidi\observer_configuration.hpp">
      <Filter>Header Files</Filter>
    </ClInclude>
    <ClInclude Include="ext\libremidi\output_configuration.hpp">
      <Filter>Header Files</Filter>
    </ClInclude>
    <ClInclude Include="ext\libremidi\port_comparison.hpp">
      <Filter>Header Files</Filter>
    </ClInclude>
    <ClInclude Include="ext\libremidi\port_information.hpp">
      <Filter>Header Files</Filter>
    </ClInclude>
    <ClInclude Include="ext\libremidi\reader.hpp">
      <Filter>Header Files</Filter>
    </ClInclude>
    <ClInclude Include="ext\libremidi\shared_context.hpp">
      <Filter>Header Files</Filter>
    </ClInclude>
    <ClInclude Include="ext\libremidi\system_error2.hpp">
      <Filter>Header Files</Filter>
    </ClInclude>
    <ClInclude Include="ext\libremidi\types.hpp">
      <Filter>Header Files</Filter>
    </ClInclude>
    <ClInclude Include="ext\libremidi\ump.hpp">
      <Filter>Header Files</Filter>
    </ClInclude>
    <ClInclude Include="ext\libremidi\ump_events.hpp">
      <Filter>Header Files</Filter>
    </ClInclude>
    <ClInclude Include="ext\libremidi\writer.hpp">
      <Filter>Header Files</Filter>
    </ClInclude>
    <ClInclude Include="src\MidiVisualizer\helpers\Configuration.h">
      <Filter>Header Files</Filter>
    </ClInclude>
    <ClInclude Include="src\MidiVisualizer\helpers\ImGuiStyle.h">
      <Filter>Header Files</Filter>
    </ClInclude>
    <ClInclude Include="src\MidiVisualizer\helpers\ProgramUtilities.h">
      <Filter>Header Files</Filter>
    </ClInclude>
    <ClInclude Include="src\MidiVisualizer\helpers\ResourcesManager.h">
      <Filter>Header Files</Filter>
    </ClInclude>
    <ClInclude Include="src\MidiVisualizer\helpers\System.h">
      <Filter>Header Files</Filter>
    </ClInclude>
    <ClInclude Include="ext\glm\gtc\bitfield.hpp">
      <Filter>Header Files</Filter>
    </ClInclude>
    <ClInclude Include="ext\glm\gtc\color_space.hpp">
      <Filter>Header Files</Filter>
    </ClInclude>
    <ClInclude Include="ext\glm\gtc\constants.hpp">
      <Filter>Header Files</Filter>
    </ClInclude>
    <ClInclude Include="ext\glm\gtc\epsilon.hpp">
      <Filter>Header Files</Filter>
    </ClInclude>
    <ClInclude Include="ext\glm\gtc\integer.hpp">
      <Filter>Header Files</Filter>
    </ClInclude>
    <ClInclude Include="ext\glm\gtc\matrix_access.hpp">
      <Filter>Header Files</Filter>
    </ClInclude>
    <ClInclude Include="ext\glm\gtc\matrix_integer.hpp">
      <Filter>Header Files</Filter>
    </ClInclude>
    <ClInclude Include="ext\glm\gtc\matrix_inverse.hpp">
      <Filter>Header Files</Filter>
    </ClInclude>
    <ClInclude Include="ext\glm\gtc\matrix_transform.hpp">
      <Filter>Header Files</Filter>
    </ClInclude>
    <ClInclude Include="ext\glm\gtc\noise.hpp">
      <Filter>Header Files</Filter>
    </ClInclude>
    <ClInclude Include="ext\glm\gtc\packing.hpp">
      <Filter>Header Files</Filter>
    </ClInclude>
    <ClInclude Include="ext\glm\gtc\quaternion.hpp">
      <Filter>Header Files</Filter>
    </ClInclude>
    <ClInclude Include="ext\glm\gtc\random.hpp">
      <Filter>Header Files</Filter>
    </ClInclude>
    <ClInclude Include="ext\glm\gtc\reciprocal.hpp">
      <Filter>Header Files</Filter>
    </ClInclude>
    <ClInclude Include="ext\glm\gtc\round.hpp">
      <Filter>Header Files</Filter>
    </ClInclude>
    <ClInclude Include="ext\glm\gtc\type_precision.hpp">
      <Filter>Header Files</Filter>
    </ClInclude>
    <ClInclude Include="ext\glm\gtc\type_ptr.hpp">
      <Filter>Header Files</Filter>
    </ClInclude>
    <ClInclude Include="ext\glm\gtc\ulp.hpp">
      <Filter>Header Files</Filter>
    </ClInclude>
    <ClInclude Include="ext\glm\gtc\vec1.hpp">
      <Filter>Header Files</Filter>
    </ClInclude>
    <ClInclude Include="ext\glm\common.hpp">
      <Filter>Header Files</Filter>
    </ClInclude>
    <ClInclude Include="ext\glm\exponential.hpp">
      <Filter>Header Files</Filter>
    </ClInclude>
    <ClInclude Include="ext\glm\fwd.hpp">
      <Filter>Header Files</Filter>
    </ClInclude>
    <ClInclude Include="ext\glm\geometric.hpp">
      <Filter>Header Files</Filter>
    </ClInclude>
    <ClInclude Include="ext\glm\glm.hpp">
      <Filter>Header Files</Filter>
    </ClInclude>
    <ClInclude Include="ext\glm\integer.hpp">
      <Filter>Header Files</Filter>
    </ClInclude>
    <ClInclude Include="ext\glm\mat2x2.hpp">
      <Filter>Header Files</Filter>
    </ClInclude>
    <ClInclude Include="ext\glm\mat2x3.hpp">
      <Filter>Header Files</Filter>
    </ClInclude>
    <ClInclude Include="ext\glm\mat2x4.hpp">
      <Filter>Header Files</Filter>
    </ClInclude>
    <ClInclude Include="ext\glm\mat3x2.hpp">
      <Filter>Header Files</Filter>
    </ClInclude>
    <ClInclude Include="ext\glm\mat3x3.hpp">
      <Filter>Header Files</Filter>
    </ClInclude>
    <ClInclude Include="ext\glm\mat3x4.hpp">
      <Filter>Header Files</Filter>
    </ClInclude>
    <ClInclude Include="ext\glm\mat4x2.hpp">
      <Filter>Header Files</Filter>
    </ClInclude>
    <ClInclude Include="ext\glm\mat4x3.hpp">
      <Filter>Header Files</Filter>
    </ClInclude>
    <ClInclude Include="ext\glm\mat4x4.hpp">
      <Filter>Header Files</Filter>
    </ClInclude>
    <ClInclude Include="ext\glm\matrix.hpp">
      <Filter>Header Files</Filter>
    </ClInclude>
    <ClInclude Include="ext\glm\packing.hpp">
      <Filter>Header Files</Filter>
    </ClInclude>
    <ClInclude Include="ext\glm\trigonometric.hpp">
      <Filter>Header Files</Filter>
    </ClInclude>
    <ClInclude Include="ext\glm\vec2.hpp">
      <Filter>Header Files</Filter>
    </ClInclude>
    <ClInclude Include="ext\glm\vec3.hpp">
      <Filter>Header Files</Filter>
    </ClInclude>
    <ClInclude Include="ext\glm\vec4.hpp">
      <Filter>Header Files</Filter>
    </ClInclude>
    <ClInclude Include="ext\glm\vector_relational.hpp">
      <Filter>Header Files</Filter>
    </ClInclude>
    <ClInclude Include="src\MidiVisualizer\midi\MIDIBase.h">
      <Filter>Header Files</Filter>
    </ClInclude>
    <ClInclude Include="src\MidiVisualizer\midi\MIDIFile.h">
      <Filter>Header Files</Filter>
    </ClInclude>
    <ClInclude Include="src\MidiVisualizer\midi\MIDITrack.h">
      <Filter>Header Files</Filter>
    </ClInclude>
    <ClInclude Include="src\MidiVisualizer\midi\MIDIUtils.h">
      <Filter>Header Files</Filter>
    </ClInclude>
    <ClInclude Include="src\MidiVisualizer\rendering\camera\MidiCamera.h">
      <Filter>Header Files</Filter>
    </ClInclude>
    <ClInclude Include="src\MidiVisualizer\rendering\scene\MIDIScene.h">
      <Filter>Header Files</Filter>
    </ClInclude>
    <ClInclude Include="src\MidiVisualizer\rendering\scene\MIDISceneFile.h">
      <Filter>Header Files</Filter>
    </ClInclude>
    <ClInclude Include="src\MidiVisualizer\rendering\scene\MIDISceneLive.h">
      <Filter>Header Files</Filter>
    </ClInclude>
    <ClInclude Include="src\MidiVisualizer\rendering\Framebuffer.h">
      <Filter>Header Files</Filter>
    </ClInclude>
    <ClInclude Include="src\MidiVisualizer\rendering\Renderer.h">
      <Filter>Header Files</Filter>
    </ClInclude>
    <ClInclude Include="src\MidiVisualizer\rendering\ScreenQuad.h">
      <Filter>Header Files</Filter>
    </ClInclude>
    <ClInclude Include="src\MidiVisualizer\rendering\SetOptions.h">
      <Filter>Header Files</Filter>
    </ClInclude>
    <ClInclude Include="src\MidiVisualizer\rendering\State.h">
      <Filter>Header Files</Filter>
    </ClInclude>
    <ClInclude Include="src\MidiVisualizer\rendering\Viewer.h">
      <Filter>Header Files</Filter>
    </ClInclude>
    <ClInclude Include="src\MidiVisualizer\resources\data.h">
      <Filter>Header Files</Filter>
    </ClInclude>
    <ClInclude Include="src\MidiVisualizer\resources\font_data_Lato.h">
      <Filter>Header Files</Filter>
    </ClInclude>
    <ClInclude Include="src\MidiVisualizer\resources\meshes.h">
      <Filter>Header Files</Filter>
    </ClInclude>
    <ClInclude Include="src\MidiVisualizer\resources\strings.h">
      <Filter>Header Files</Filter>
    </ClInclude>
    <ClInclude Include="ext\libremidi\backends\winmidi\config.hpp">
      <Filter>Header Files</Filter>
    </ClInclude>
    <ClInclude Include="ext\libremidi\backends\winmidi\helpers.hpp">
      <Filter>Header Files</Filter>
    </ClInclude>
    <ClInclude Include="ext\libremidi\backends\winmidi\midi_in.hpp">
      <Filter>Header Files</Filter>
    </ClInclude>
    <ClInclude Include="ext\libremidi\backends\winmidi\midi_out.hpp">
      <Filter>Header Files</Filter>
    </ClInclude>
    <ClInclude Include="ext\libremidi\backends\winmidi\observer.hpp">
      <Filter>Header Files</Filter>
    </ClInclude>
    <ClInclude Include="ext\libremidi\backends\winmm\config.hpp">
      <Filter>Header Files</Filter>
    </ClInclude>
    <ClInclude Include="ext\libremidi\backends\winmm\error_domain.hpp">
      <Filter>Header Files</Filter>
    </ClInclude>
    <ClInclude Include="ext\libremidi\backends\winmm\helpers.hpp">
      <Filter>Header Files</Filter>
    </ClInclude>
    <ClInclude Include="ext\libremidi\backends\winmm\midi_in.hpp">
      <Filter>Header Files</Filter>
    </ClInclude>
    <ClInclude Include="ext\libremidi\backends\winmm\midi_out.hpp">
      <Filter>Header Files</Filter>
    </ClInclude>
    <ClInclude Include="ext\libremidi\backends\winmm\observer.hpp">
      <Filter>Header Files</Filter>
    </ClInclude>
    <ClInclude Include="ext\libremidi\backends\winuwp\config.hpp">
      <Filter>Header Files</Filter>
    </ClInclude>
    <ClInclude Include="ext\libremidi\backends\winuwp\helpers.hpp">
      <Filter>Header Files</Filter>
    </ClInclude>
    <ClInclude Include="ext\libremidi\backends\winuwp\midi_in.hpp">
      <Filter>Header Files</Filter>
    </ClInclude>
    <ClInclude Include="ext\libremidi\backends\winuwp\midi_out.hpp">
      <Filter>Header Files</Filter>
    </ClInclude>
    <ClInclude Include="ext\libremidi\backends\winuwp\observer.hpp">
      <Filter>Header Files</Filter>
    </ClInclude>
    <ClInclude Include="ext\libremidi\backends\winmidi.hpp">
      <Filter>Header Files</Filter>
    </ClInclude>
    <ClInclude Include="ext\libremidi\backends\winmm.hpp">
      <Filter>Header Files</Filter>
    </ClInclude>
    <ClInclude Include="ext\libremidi\backends\winuwp.hpp">
      <Filter>Header Files</Filter>
    </ClInclude>
    <ClInclude Include="ext\libremidi\backends\alsa_raw\config.hpp">
      <Filter>Header Files</Filter>
    </ClInclude>
    <ClInclude Include="ext\libremidi\backends\alsa_raw\error_domain.hpp">
      <Filter>Header Files</Filter>
    </ClInclude>
    <ClInclude Include="ext\libremidi\backends\alsa_raw\helpers.hpp">
      <Filter>Header Files</Filter>
    </ClInclude>
    <ClInclude Include="ext\libremidi\backends\alsa_raw\midi_in.hpp">
      <Filter>Header Files</Filter>
    </ClInclude>
    <ClInclude Include="ext\libremidi\backends\alsa_raw\midi_out.hpp">
      <Filter>Header Files</Filter>
    </ClInclude>
    <ClInclude Include="ext\libremidi\backends\alsa_raw\observer.hpp">
      <Filter>Header Files</Filter>
    </ClInclude>
    <ClInclude Include="ext\libremidi\backends\alsa_raw_ump\config.hpp">
      <Filter>Header Files</Filter>
    </ClInclude>
    <ClInclude Include="ext\libremidi\backends\alsa_raw_ump\helpers.hpp">
      <Filter>Header Files</Filter>
    </ClInclude>
    <ClInclude Include="ext\libremidi\backends\alsa_raw_ump\midi_in.hpp">
      <Filter>Header Files</Filter>
    </ClInclude>
    <ClInclude Include="ext\libremidi\backends\alsa_raw_ump\midi_out.hpp">
      <Filter>Header Files</Filter>
    </ClInclude>
    <ClInclude Include="ext\libremidi\backends\alsa_raw_ump\observer.hpp">
      <Filter>Header Files</Filter>
    </ClInclude>
    <ClInclude Include="ext\libremidi\backends\alsa_seq\config.hpp">
      <Filter>Header Files</Filter>
    </ClInclude>
    <ClInclude Include="ext\libremidi\backends\alsa_seq\helpers.hpp">
      <Filter>Header Files</Filter>
    </ClInclude>
    <ClInclude Include="ext\libremidi\backends\alsa_seq\midi_in.hpp">
      <Filter>Header Files</Filter>
    </ClInclude>
    <ClInclude Include="ext\libremidi\backends\alsa_seq\midi_out.hpp">
      <Filter>Header Files</Filter>
    </ClInclude>
    <ClInclude Include="ext\libremidi\backends\alsa_seq\observer.hpp">
      <Filter>Header Files</Filter>
    </ClInclude>
    <ClInclude Include="ext\libremidi\backends\alsa_seq\shared_handler.hpp">
      <Filter>Header Files</Filter>
    </ClInclude>
    <ClInclude Include="ext\libremidi\backends\alsa_seq_ump\config.hpp">
      <Filter>Header Files</Filter>
    </ClInclude>
    <ClInclude Include="ext\libremidi\backends\alsa_seq_ump\helpers.hpp">
      <Filter>Header Files</Filter>
    </ClInclude>
    <ClInclude Include="ext\libremidi\backends\alsa_seq_ump\midi_out.hpp">
      <Filter>Header Files</Filter>
    </ClInclude>
    <ClInclude Include="ext\libremidi\backends\coremidi\config.hpp">
      <Filter>Header Files</Filter>
    </ClInclude>
    <ClInclude Include="ext\libremidi\backends\coremidi\error_domain.hpp">
      <Filter>Header Files</Filter>
    </ClInclude>
    <ClInclude Include="ext\libremidi\backends\coremidi\helpers.hpp">
      <Filter>Header Files</Filter>
    </ClInclude>
    <ClInclude Include="ext\libremidi\backends\coremidi\midi_in.hpp">
      <Filter>Header Files</Filter>
    </ClInclude>
    <ClInclude Include="ext\libremidi\backends\coremidi\midi_out.hpp">
      <Filter>Header Files</Filter>
    </ClInclude>
    <ClInclude Include="ext\libremidi\backends\coremidi\observer.hpp">
      <Filter>Header Files</Filter>
    </ClInclude>
    <ClInclude Include="ext\libremidi\backends\coremidi_ump\config.hpp">
      <Filter>Header Files</Filter>
    </ClInclude>
    <ClInclude Include="ext\libremidi\backends\coremidi_ump\helpers.hpp">
      <Filter>Header Files</Filter>
    </ClInclude>
    <ClInclude Include="ext\libremidi\backends\coremidi_ump\midi_in.hpp">
      <Filter>Header Files</Filter>
    </ClInclude>
    <ClInclude Include="ext\libremidi\backends\coremidi_ump\midi_out.hpp">
      <Filter>Header Files</Filter>
    </ClInclude>
    <ClInclude Include="ext\libremidi\backends\coremidi_ump\observer.hpp">
      <Filter>Header Files</Filter>
    </ClInclude>
    <ClInclude Include="ext\libremidi\backends\jack\config.hpp">
      <Filter>Header Files</Filter>
    </ClInclude>
    <ClInclude Include="ext\libremidi\backends\jack\error_domain.hpp">
      <Filter>Header Files</Filter>
    </ClInclude>
    <ClInclude Include="ext\libremidi\backends\jack\helpers.hpp">
      <Filter>Header Files</Filter>
    </ClInclude>
    <ClInclude Include="ext\libremidi\backends\jack\libjack.hpp">
      <Filter>Header Files</Filter>
    </ClInclude>
    <ClInclude Include="ext\libremidi\backends\jack\midi_in.hpp">
      <Filter>Header Files</Filter>
    </ClInclude>
    <ClInclude Include="ext\libremidi\backends\jack\midi_out.hpp">
      <Filter>Header Files</Filter>
    </ClInclude>
    <ClInclude Include="ext\libremidi\backends\jack\observer.hpp">
      <Filter>Header Files</Filter>
    </ClInclude>
    <ClInclude Include="ext\libremidi\backends\jack\shared_handler.hpp">
      <Filter>Header Files</Filter>
    </ClInclude>
    <ClInclude Include="ext\libremidi\backends\jack_ump\config.hpp">
      <Filter>Header Files</Filter>
    </ClInclude>
    <ClInclude Include="ext\libremidi\backends\jack_ump\midi_in.hpp">
      <Filter>Header Files</Filter>
    </ClInclude>
    <ClInclude Include="ext\libremidi\backends\jack_ump\midi_out.hpp">
      <Filter>Header Files</Filter>
    </ClInclude>
    <ClInclude Include="ext\libremidi\backends\jack_ump\observer.hpp">
      <Filter>Header Files</Filter>
    </ClInclude>
    <ClInclude Include="ext\libremidi\backends\jack_ump\shared_handler.hpp">
      <Filter>Header Files</Filter>
    </ClInclude>
    <ClInclude Include="ext\libremidi\backends\kdmapi\config.hpp">
      <Filter>Header Files</Filter>
    </ClInclude>
    <ClInclude Include="ext\libremidi\backends\kdmapi\helpers.hpp">
      <Filter>Header Files</Filter>
    </ClInclude>
    <ClInclude Include="ext\libremidi\backends\kdmapi\midi_in.hpp">
      <Filter>Header Files</Filter>
    </ClInclude>
    <ClInclude Include="ext\libremidi\backends\kdmapi\midi_out.hpp">
      <Filter>Header Files</Filter>
    </ClInclude>
    <ClInclude Include="ext\libremidi\backends\kdmapi\observer.hpp">
      <Filter>Header Files</Filter>
    </ClInclude>
    <ClInclude Include="ext\libremidi\backends\keyboard\config.hpp">
      <Filter>Header Files</Filter>
    </ClInclude>
    <ClInclude Include="ext\libremidi\backends\keyboard\midi_in.hpp">
      <Filter>Header Files</Filter>
    </ClInclude>
    <ClInclude Include="ext\libremidi\backends\net\config.hpp">
      <Filter>Header Files</Filter>
    </ClInclude>
    <ClInclude Include="ext\libremidi\backends\net\helpers.hpp">
      <Filter>Header Files</Filter>
    </ClInclude>
    <ClInclude Include="ext\libremidi\backends\net\midi_in.hpp">
      <Filter>Header Files</Filter>
    </ClInclude>
    <ClInclude Include="ext\libremidi\backends\net\midi_out.hpp">
      <Filter>Header Files</Filter>
    </ClInclude>
    <ClInclude Include="ext\libremidi\backends\net\observer.hpp">
      <Filter>Header Files</Filter>
    </ClInclude>
    <ClInclude Include="ext\libremidi\backends\pipewire\config.hpp">
      <Filter>Header Files</Filter>
    </ClInclude>
    <ClInclude Include="ext\libremidi\backends\pipewire\helpers.hpp">
      <Filter>Header Files</Filter>
    </ClInclude>
    <ClInclude Include="ext\libremidi\backends\pipewire\midi_in.hpp">
      <Filter>Header Files</Filter>
    </ClInclude>
    <ClInclude Include="ext\libremidi\backends\pipewire\midi_out.hpp">
      <Filter>Header Files</Filter>
    </ClInclude>
    <ClInclude Include="ext\libremidi\backends\pipewire\observer.hpp">
      <Filter>Header Files</Filter>
    </ClInclude>
    <ClInclude Include="ext\libremidi\backends\pipewire_ump\config.hpp">
      <Filter>Header Files</Filter>
    </ClInclude>
    <ClInclude Include="ext\libremidi\backends\pipewire_ump\midi_in.hpp">
      <Filter>Header Files</Filter>
    </ClInclude>
    <ClInclude Include="ext\libremidi\backends\pipewire_ump\midi_out.hpp">
      <Filter>Header Files</Filter>
    </ClInclude>
    <ClInclude Include="ext\libremidi\backends\pipewire_ump\observer.hpp">
      <Filter>Header Files</Filter>
    </ClInclude>
    <ClInclude Include="ext\libremidi\backends\rawio\config.hpp">
      <Filter>Header Files</Filter>
    </ClInclude>
    <ClInclude Include="ext\libremidi\backends\rawio\midi_in.hpp">
      <Filter>Header Files</Filter>
    </ClInclude>
    <ClInclude Include="ext\libremidi\backends\rawio\midi_in_ump.hpp">
      <Filter>Header Files</Filter>
    </ClInclude>
    <ClInclude Include="ext\libremidi\backends\rawio\midi_out.hpp">
      <Filter>Header Files</Filter>
    </ClInclude>
    <ClInclude Include="ext\libremidi\backends\rawio\midi_out_ump.hpp">
      <Filter>Header Files</Filter>
    </ClInclude>
    <ClInclude Include="ext\libremidi\backends\rawio\observer.hpp">
      <Filter>Header Files</Filter>
    </ClInclude>
    <ClInclude Include="ext\libremidi\backends\alsa_raw.hpp">
      <Filter>Header Files</Filter>
    </ClInclude>
    <ClInclude Include="ext\libremidi\backends\alsa_raw_ump.hpp">
      <Filter>Header Files</Filter>
    </ClInclude>
    <ClInclude Include="ext\libremidi\backends\alsa_seq.hpp">
      <Filter>Header Files</Filter>
    </ClInclude>
    <ClInclude Include="ext\libremidi\backends\alsa_seq_ump.hpp">
      <Filter>Header Files</Filter>
    </ClInclude>
    <ClInclude Include="ext\libremidi\backends\coremidi.hpp">
      <Filter>Header Files</Filter>
    </ClInclude>
    <ClInclude Include="ext\libremidi\backends\coremidi_ump.hpp">
      <Filter>Header Files</Filter>
    </ClInclude>
    <ClInclude Include="ext\libremidi\backends\dummy.hpp">
      <Filter>Header Files</Filter>
    </ClInclude>
    <ClInclude Include="ext\libremidi\backends\emscripten.hpp">
      <Filter>Header Files</Filter>
    </ClInclude>
    <ClInclude Include="ext\libremidi\backends\jack.hpp">
      <Filter>Header Files</Filter>
    </ClInclude>
    <ClInclude Include="ext\libremidi\backends\jack_ump.hpp">
      <Filter>Header Files</Filter>
    </ClInclude>
    <ClInclude Include="ext\libremidi\backends\kdmapi.hpp">
      <Filter>Header Files</Filter>
    </ClInclude>
    <ClInclude Include="ext\libremidi\backends\keyboard.hpp">
      <Filter>Header Files</Filter>
    </ClInclude>
    <ClInclude Include="ext\libremidi\backends\network.hpp">
      <Filter>Header Files</Filter>
    </ClInclude>
    <ClInclude Include="ext\libremidi\backends\network_ump.hpp">
      <Filter>Header Files</Filter>
    </ClInclude>
    <ClInclude Include="ext\libremidi\backends\pipewire.hpp">
      <Filter>Header Files</Filter>
    </ClInclude>
    <ClInclude Include="ext\libremidi\backends\pipewire_ump.hpp">
      <Filter>Header Files</Filter>
    </ClInclude>
    <ClInclude Include="ext\libremidi\backends\rawio.hpp">
      <Filter>Header Files</Filter>
    </ClInclude>
    <ClInclude Include="ext\libremidi\backends\rawio_ump.hpp">
      <Filter>Header Files</Filter>
    </ClInclude>
    <ClInclude Include="ext\libremidi\backends\emscripten\config.hpp">
      <Filter>Header Files</Filter>
    </ClInclude>
    <ClInclude Include="ext\libremidi\backends\emscripten\helpers.hpp">
      <Filter>Header Files</Filter>
    </ClInclude>
    <ClInclude Include="ext\libremidi\backends\emscripten\midi_access.hpp">
      <Filter>Header Files</Filter>
    </ClInclude>
    <ClInclude Include="ext\libremidi\backends\emscripten\midi_in.hpp">
      <Filter>Header Files</Filter>
    </ClInclude>
    <ClInclude Include="ext\libremidi\backends\emscripten\midi_out.hpp">
      <Filter>Header Files</Filter>
    </ClInclude>
    <ClInclude Include="ext\libremidi\backends\emscripten\observer.hpp">
      <Filter>Header Files</Filter>
    </ClInclude>
    <ClInclude Include="ext\libremidi\backends\android\android.hpp">
      <Filter>Header Files</Filter>
    </ClInclude>
    <ClInclude Include="ext\libremidi\backends\android\config.hpp">
      <Filter>Header Files</Filter>
    </ClInclude>
    <ClInclude Include="ext\libremidi\backends\android\helpers.hpp">
      <Filter>Header Files</Filter>
    </ClInclude>
    <ClInclude Include="ext\libremidi\backends\android\midi_in.hpp">
      <Filter>Header Files</Filter>
    </ClInclude>
    <ClInclude Include="ext\libremidi\backends\android\midi_out.hpp">
      <Filter>Header Files</Filter>
    </ClInclude>
    <ClInclude Include="ext\libremidi\backends\android\observer.hpp">
      <Filter>Header Files</Filter>
    </ClInclude>
    <ClInclude Include="ext\libremidi\backends\linux\pipewire\context.hpp">
      <Filter>Header Files</Filter>
    </ClInclude>
    <ClInclude Include="ext\libremidi\backends\linux\pipewire\drm_modifiers.hpp">
      <Filter>Header Files</Filter>
    </ClInclude>
    <ClInclude Include="ext\libremidi\backends\linux\pipewire\filter.hpp">
      <Filter>Header Files</Filter>
    </ClInclude>
    <ClInclude Include="ext\libremidi\backends\linux\pipewire\format.hpp">
      <Filter>Header Files</Filter>
    </ClInclude>
    <ClInclude Include="ext\libremidi\backends\linux\pipewire\instance.hpp">
      <Filter>Header Files</Filter>
    </ClInclude>
    <ClInclude Include="ext\libremidi\backends\linux\pipewire\loader.hpp">
      <Filter>Header Files</Filter>
    </ClInclude>
    <ClInclude Include="ext\libremidi\backends\linux\pipewire\stream.hpp">
      <Filter>Header Files</Filter>
    </ClInclude>
    <ClInclude Include="ext\libremidi\backends\linux\pipewire\subscription.hpp">
      <Filter>Header Files</Filter>
    </ClInclude>
    <ClInclude Include="ext\libremidi\backends\linux\pipewire\types.hpp">
      <Filter>Header Files</Filter>
    </ClInclude>
    <ClInclude Include="ext\libremidi\backends\linux\alsa.hpp">
      <Filter>Header Files</Filter>
    </ClInclude>
    <ClInclude Include="ext\libremidi\backends\linux\dylib_loader.hpp">
      <Filter>Header Files</Filter>
    </ClInclude>
    <ClInclude Include="ext\libremidi\backends\linux\helpers.hpp">
      <Filter>Header Files</Filter>
    </ClInclude>
    <ClInclude Include="ext\libremidi\backends\linux\udev.hpp">
      <Filter>Header Files</Filter>
    </ClInclude>
    <ClInclude Include="ext\libremidi\detail\alsa.hpp">
      <Filter>Header Files</Filter>
    </ClInclude>
    <ClInclude Include="ext\libremidi\detail\coreaudio.hpp">
      <Filter>Header Files</Filter>
    </ClInclude>
    <ClInclude Include="ext\libremidi\detail\dummy.hpp">
      <Filter>Header Files</Filter>
    </ClInclude>
    <ClInclude Include="ext\libremidi\detail\emscripten.hpp">
      <Filter>Header Files</Filter>
    </ClInclude>
    <ClInclude Include="ext\libremidi\detail\emscripten_api.hpp">
      <Filter>Header Files</Filter>
    </ClInclude>
    <ClInclude Include="ext\libremidi\detail\jack.hpp">
      <Filter>Header Files</Filter>
    </ClInclude>
    <ClInclude Include="ext\libremidi\detail\raw_alsa.hpp">
      <Filter>Header Files</Filter>
    </ClInclude>
    <ClInclude Include="ext\libremidi\detail\raw_alsa_helpers.hpp">
      <Filter>Header Files</Filter>
    </ClInclude>
    <ClInclude Include="ext\libremidi\detail\winmm.hpp">
      <Filter>Header Files</Filter>
    </ClInclude>
    <ClInclude Include="ext\libremidi\detail\winuwp.hpp">
      <Filter>Header Files</Filter>
    </ClInclude>
    <ClInclude Include="ext\libremidi\detail\midi_queue.hpp">
      <Filter>Header Files</Filter>
    </ClInclude>
    <ClInclude Include="ext\libremidi\api.hpp">
      <Filter>Header Files</Filter>
    </ClInclude>
    <ClInclude Include="ext\stb_image_resize.h">
      <Filter>Header Files</Filter>
    </ClInclude>
    <ClInclude Include="src\Audio\vst\VSTEventList.h">
      <Filter>Header Files</Filter>
    </ClInclude>
    <ClInclude Include="src\Audio\vst\VSTPlugin.h">
      <Filter>Header Files</Filter>
    </ClInclude>
    <ClInclude Include="src\Audio\vst\VSTHostApplication.h">
      <Filter>Header Files</Filter>
    </ClInclude>
    <ClInclude Include="src\Audio\vst\VSTComponentHandler.h">
      <Filter>Header Files</Filter>
    </ClInclude>
    <ClInclude Include="util\dragDrop\FileDropTarget.h">
      <Filter>Header Files</Filter>
    </ClInclude>
    <ClInclude Include="ext\vst3sdk\pluginterfaces\base\conststringtable.h">
      <Filter>Header Files</Filter>
    </ClInclude>
    <ClInclude Include="ext\vst3sdk\pluginterfaces\base\doc.h">
      <Filter>Header Files</Filter>
    </ClInclude>
    <ClInclude Include="ext\vst3sdk\pluginterfaces\base\falignpop.h">
      <Filter>Header Files</Filter>
    </ClInclude>
    <ClInclude Include="ext\vst3sdk\pluginterfaces\base\falignpush.h">
      <Filter>Header Files</Filter>
    </ClInclude>
    <ClInclude Include="ext\vst3sdk\pluginterfaces\base\fplatform.h">
      <Filter>Header Files</Filter>
    </ClInclude>
    <ClInclude Include="ext\vst3sdk\pluginterfaces\base\fstrdefs.h">
      <Filter>Header Files</Filter>
    </ClInclude>
    <ClInclude Include="ext\vst3sdk\pluginterfaces\base\ftypes.h">
      <Filter>Header Files</Filter>
    </ClInclude>
    <ClInclude Include="ext\vst3sdk\pluginterfaces\base\funknown.h">
      <Filter>Header Files</Filter>
    </ClInclude>
    <ClInclude Include="ext\vst3sdk\pluginterfaces\base\funknownimpl.h">
      <Filter>Header Files</Filter>
    </ClInclude>
    <ClInclude Include="ext\vst3sdk\pluginterfaces\base\futils.h">
      <Filter>Header Files</Filter>
    </ClInclude>
    <ClInclude Include="ext\vst3sdk\pluginterfaces\base\fvariant.h">
      <Filter>Header Files</Filter>
    </ClInclude>
    <ClInclude Include="ext\vst3sdk\pluginterfaces\base\geoconstants.h">
      <Filter>Header Files</Filter>
    </ClInclude>
    <ClInclude Include="ext\vst3sdk\pluginterfaces\base\ibstream.h">
      <Filter>Header Files</Filter>
    </ClInclude>
    <ClInclude Include="ext\vst3sdk\pluginterfaces\base\icloneable.h">
      <Filter>Header Files</Filter>
    </ClInclude>
    <ClInclude Include="ext\vst3sdk\pluginterfaces\base\ierrorcontext.h">
      <Filter>Header Files</Filter>
    </ClInclude>
    <ClInclude Include="ext\vst3sdk\pluginterfaces\base\ipersistent.h">
      <Filter>Header Files</Filter>
    </ClInclude>
    <ClInclude Include="ext\vst3sdk\pluginterfaces\base\ipluginbase.h">
      <Filter>Header Files</Filter>
    </ClInclude>
    <ClInclude Include="ext\vst3sdk\pluginterfaces\base\iplugincompatibility.h">
      <Filter>Header Files</Filter>
    </ClInclude>
    <ClInclude Include="ext\vst3sdk\pluginterfaces\base\istringresult.h">
      <Filter>Header Files</Filter>
    </ClInclude>
    <ClInclude Include="ext\vst3sdk\pluginterfaces\base\iupdatehandler.h">
      <Filter>Header Files</Filter>
    </ClInclude>
    <ClInclude Include="ext\vst3sdk\pluginterfaces\base\keycodes.h">
      <Filter>Header Files</Filter>
    </ClInclude>
    <ClInclude Include="ext\vst3sdk\pluginterfaces\base\pluginbasefwd.h">
      <Filter>Header Files</Filter>
    </ClInclude>
    <ClInclude Include="ext\vst3sdk\pluginterfaces\base\smartpointer.h">
      <Filter>Header Files</Filter>
    </ClInclude>
    <ClInclude Include="ext\vst3sdk\pluginterfaces\base\typesizecheck.h">
      <Filter>Header Files</Filter>
    </ClInclude>
    <ClInclude Include="ext\vst3sdk\pluginterfaces\base\ucolorspec.h">
      <Filter>Header Files</Filter>
    </ClInclude>
    <ClInclude Include="ext\vst3sdk\pluginterfaces\base\ustring.h">
      <Filter>Header Files</Filter>
    </ClInclude>
    <ClInclude Include="ext\vst3sdk\pluginterfaces\gui\iplugview.h">
      <Filter>Header Files</Filter>
    </ClInclude>
    <ClInclude Include="ext\vst3sdk\pluginterfaces\gui\iplugviewcontentscalesupport.h">
      <Filter>Header Files</Filter>
    </ClInclude>
    <ClInclude Include="ext\vst3sdk\pluginterfaces\gui\iwaylandframe.h">
      <Filter>Header Files</Filter>
    </ClInclude>
    <ClInclude Include="ext\vst3sdk\pluginterfaces\test\itest.h">
      <Filter>Header Files</Filter>
    </ClInclude>
    <ClInclude Include="ext\vst3sdk\pluginterfaces\vst\ivstattributes.h">
      <Filter>Header Files</Filter>
    </ClInclude>
    <ClInclude Include="ext\vst3sdk\pluginterfaces\vst\ivstaudioprocessor.h">
      <Filter>Header Files</Filter>
    </ClInclude>
    <ClInclude Include="ext\vst3sdk\pluginterfaces\vst\ivstautomationstate.h">
      <Filter>Header Files</Filter>
    </ClInclude>
    <ClInclude Include="ext\vst3sdk\pluginterfaces\vst\ivstchannelcontextinfo.h">
      <Filter>Header Files</Filter>
    </ClInclude>
    <ClInclude Include="ext\vst3sdk\pluginterfaces\vst\ivstcomponent.h">
      <Filter>Header Files</Filter>
    </ClInclude>
    <ClInclude Include="ext\vst3sdk\pluginterfaces\vst\ivstcontextmenu.h">
      <Filter>Header Files</Filter>
    </ClInclude>
    <ClInclude Include="ext\vst3sdk\pluginterfaces\vst\ivstdataexchange.h">
      <Filter>Header Files</Filter>
    </ClInclude>
    <ClInclude Include="ext\vst3sdk\pluginterfaces\vst\ivsteditcontroller.h">
      <Filter>Header Files</Filter>
    </ClInclude>
    <ClInclude Include="ext\vst3sdk\pluginterfaces\vst\ivstevents.h">
      <Filter>Header Files</Filter>
    </ClInclude>
    <ClInclude Include="ext\vst3sdk\pluginterfaces\vst\ivsthostapplication.h">
      <Filter>Header Files</Filter>
    </ClInclude>
    <ClInclude Include="ext\vst3sdk\pluginterfaces\vst\ivstinterappaudio.h">
      <Filter>Header Files</Filter>
    </ClInclude>
    <ClInclude Include="ext\vst3sdk\pluginterfaces\vst\ivstmessage.h">
      <Filter>Header Files</Filter>
    </ClInclude>
    <ClInclude Include="ext\vst3sdk\pluginterfaces\vst\ivstmidicontrollers.h">
      <Filter>Header Files</Filter>
    </ClInclude>
    <ClInclude Include="ext\vst3sdk\pluginterfaces\vst\ivstmidilearn.h">
      <Filter>Header Files</Filter>
    </ClInclude>
    <ClInclude Include="ext\vst3sdk\pluginterfaces\vst\ivstmidimapping2.h">
      <Filter>Header Files</Filter>
    </ClInclude>
    <ClInclude Include="ext\vst3sdk\pluginterfaces\vst\ivstnoteexpression.h">
      <Filter>Header Files</Filter>
    </ClInclude>
    <ClInclude Include="ext\vst3sdk\pluginterfaces\vst\ivstnoteonorchestralarticulationinfo.h">
      <Filter>Header Files</Filter>
    </ClInclude>
    <ClInclude Include="ext\vst3sdk\pluginterfaces\vst\ivstparameterchanges.h">
      <Filter>Header Files</Filter>
    </ClInclude>
    <ClInclude Include="ext\vst3sdk\pluginterfaces\vst\ivstparameterfunctionname.h">
      <Filter>Header Files</Filter>
    </ClInclude>
    <ClInclude Include="ext\vst3sdk\pluginterfaces\vst\ivstphysicalui.h">
      <Filter>Header Files</Filter>
    </ClInclude>
    <ClInclude Include="ext\vst3sdk\pluginterfaces\vst\ivstpluginterfacesupport.h">
      <Filter>Header Files</Filter>
    </ClInclude>
    <ClInclude Include="ext\vst3sdk\pluginterfaces\vst\ivstplugview.h">
      <Filter>Header Files</Filter>
    </ClInclude>
    <ClInclude Include="ext\vst3sdk\pluginterfaces\vst\ivstprefetchablesupport.h">
      <Filter>Header Files</Filter>
    </ClInclude>
    <ClInclude Include="ext\vst3sdk\pluginterfaces\vst\ivstprocesscontext.h">
      <Filter>Header Files</Filter>
    </ClInclude>
    <ClInclude Include="ext\vst3sdk\pluginterfaces\vst\ivstremapparamid.h">
      <Filter>Header Files</Filter>
    </ClInclude>
    <ClInclude Include="ext\vst3sdk\pluginterfaces\vst\ivstrepresentation.h">
      <Filter>Header Files</Filter>
    </ClInclude>
    <ClInclude Include="ext\vst3sdk\pluginterfaces\vst\ivsttestplugprovider.h">
      <Filter>Header Files</Filter>
    </ClInclude>
    <ClInclude Include="ext\vst3sdk\pluginterfaces\vst\ivsttransportcontrol.h">
      <Filter>Header Files</Filter>
    </ClInclude>
    <ClInclude Include="ext\vst3sdk\pluginterfaces\vst\ivstunits.h">
      <Filter>Header Files</Filter>
    </ClInclude>
    <ClInclude Include="ext\vst3sdk\pluginterfaces\vst\vstpresetkeys.h">
      <Filter>Header Files</Filter>
    </ClInclude>
    <ClInclude Include="ext\vst3sdk\pluginterfaces\vst\vstpshpack4.h">
      <Filter>Header Files</Filter>
    </ClInclude>
    <ClInclude Include="ext\vst3sdk\pluginterfaces\vst\vstspeaker.h">
      <Filter>Header Files</Filter>
    </ClInclude>
    <ClInclude Include="ext\vst3sdk\pluginterfaces\vst\vsttypes.h">
      <Filter>Header Files</Filter>
    </ClInclude>
    <ClInclude Include="ext\vst3sdk\public.sdk\source\common\commonstringconvert.h">
      <Filter>Header Files</Filter>
    </ClInclude>
    <ClInclude Include="ext\vst3sdk\public.sdk\source\common\memorystream.h">
      <Filter>Header Files</Filter>
    </ClInclude>
    <ClInclude Include="ext\vst3sdk\public.sdk\source\common\openurl.h">
      <Filter>Header Files</Filter>
    </ClInclude>
    <ClInclude Include="ext\vst3sdk\public.sdk\source\common\pluginview.h">
      <Filter>Header Files</Filter>
    </ClInclude>
    <ClInclude Include="ext\vst3sdk\public.sdk\source\common\readfile.h">
      <Filter>Header Files</Filter>
    </ClInclude>
    <ClInclude Include="ext\vst3sdk\public.sdk\source\common\systemclipboard.h">
      <Filter>Header Files</Filter>
    </ClInclude>
    <ClInclude Include="ext\vst3sdk\public.sdk\source\common\threadchecker.h">
      <Filter>Header Files</Filter>
    </ClInclude>
    <ClInclude Include="ext\vst3sdk\public.sdk\source\main\moduleinit.h">
      <Filter>Header Files</Filter>
    </ClInclude>
    <ClInclude Include="ext\vst3sdk\public.sdk\source\main\pluginfactory.h">
      <Filter>Header Files</Filter>
    </ClInclude>
    <ClInclude Include="ext\vst3sdk\public.sdk\source\main\pluginfactory_constexpr.h">
      <Filter>Header Files</Filter>
    </ClInclude>
    <ClInclude Include="ext\vst3sdk\public.sdk\source\vst\auv3wrapper\Shared\AUv3AudioEngine.h">
      <Filter>Header Files</Filter>
    </ClInclude>
    <ClInclude Include="ext\vst3sdk\public.sdk\source\vst\auv3wrapper\Shared\AUv3Wrapper.h">
      <Filter>Header Files</Filter>
    </ClInclude>
    <ClInclude Include="ext\vst3sdk\public.sdk\source\vst\auv3wrapper\Shared\AUv3WrapperFactory.h">
      <Filter>Header Files</Filter>
    </ClInclude>
    <ClInclude Include="ext\vst3sdk\public.sdk\source\vst\hosting\connectionproxy.h">
      <Filter>Header Files</Filter>
    </ClInclude>
    <ClInclude Include="ext\vst3sdk\public.sdk\source\vst\hosting\eventlist.h">
      <Filter>Header Files</Filter>
    </ClInclude>
    <ClInclude Include="ext\vst3sdk\public.sdk\source\vst\hosting\hostclasses.h">
      <Filter>Header Files</Filter>
    </ClInclude>
    <ClInclude Include="ext\vst3sdk\public.sdk\source\vst\hosting\hostdataexchangehandler.h">
      <Filter>Header Files</Filter>
    </ClInclude>
    <ClInclude Include="ext\vst3sdk\public.sdk\source\vst\hosting\module.h">
      <Filter>Header Files</Filter>
    </ClInclude>
    <ClInclude Include="ext\vst3sdk\public.sdk\source\vst\hosting\parameterchanges.h">
      <Filter>Header Files</Filter>
    </ClInclude>
    <ClInclude Include="ext\vst3sdk\public.sdk\source\vst\hosting\pluginterfacesupport.h">
      <Filter>Header Files</Filter>
    </ClInclude>
    <ClInclude Include="ext\vst3sdk\public.sdk\source\vst\hosting\plugprovider.h">
      <Filter>Header Files</Filter>
    </ClInclude>
    <ClInclude Include="ext\vst3sdk\public.sdk\source\vst\hosting\processdata.h">
      <Filter>Header Files</Filter>
    </ClInclude>
    <ClInclude Include="ext\vst3sdk\public.sdk\source\vst\utility\alignedalloc.h">
      <Filter>Header Files</Filter>
    </ClInclude>
    <ClInclude Include="ext\vst3sdk\public.sdk\source\vst\utility\audiobuffers.h">
      <Filter>Header Files</Filter>
    </ClInclude>
    <ClInclude Include="ext\vst3sdk\public.sdk\source\vst\utility\dataexchange.h">
      <Filter>Header Files</Filter>
    </ClInclude>
    <ClInclude Include="ext\vst3sdk\public.sdk\source\vst\utility\memoryibstream.h">
      <Filter>Header Files</Filter>
    </ClInclude>
    <ClInclude Include="ext\vst3sdk\public.sdk\source\vst\utility\midiconvert.h">
      <Filter>Header Files</Filter>
    </ClInclude>
    <ClInclude Include="ext\vst3sdk\public.sdk\source\vst\utility\objcclassbuilder.h">
      <Filter>Header Files</Filter>
    </ClInclude>
    <ClInclude Include="ext\vst3sdk\public.sdk\source\vst\utility\optional.h">
      <Filter>Header Files</Filter>
    </ClInclude>
    <ClInclude Include="ext\vst3sdk\public.sdk\source\vst\utility\processcontextrequirements.h">
      <Filter>Header Files</Filter>
    </ClInclude>
    <ClInclude Include="ext\vst3sdk\public.sdk\source\vst\utility\processdataslicer.h">
      <Filter>Header Files</Filter>
    </ClInclude>
    <ClInclude Include="ext\vst3sdk\public.sdk\source\vst\utility\ringbuffer.h">
      <Filter>Header Files</Filter>
    </ClInclude>
    <ClInclude Include="ext\vst3sdk\public.sdk\source\vst\utility\rttransfer.h">
      <Filter>Header Files</Filter>
    </ClInclude>
    <ClInclude Include="ext\vst3sdk\public.sdk\source\vst\utility\sampleaccurate.h">
      <Filter>Header Files</Filter>
    </ClInclude>
    <ClInclude Include="ext\vst3sdk\public.sdk\source\vst\utility\stringconvert.h">
      <Filter>Header Files</Filter>
    </ClInclude>
    <ClInclude Include="ext\vst3sdk\public.sdk\source\vst\utility\systemtime.h">
      <Filter>Header Files</Filter>
    </ClInclude>
    <ClInclude Include="ext\vst3sdk\public.sdk\source\vst\utility\uid.h">
      <Filter>Header Files</Filter>
    </ClInclude>
    <ClInclude Include="ext\vst3sdk\public.sdk\source\vst\utility\ump.h">
      <Filter>Header Files</Filter>
    </ClInclude>
    <ClInclude Include="ext\vst3sdk\public.sdk\source\vst\utility\versionparser.h">
      <Filter>Header Files</Filter>
    </ClInclude>
    <ClInclude Include="ext\vst3sdk\public.sdk\source\vst\vstaudioeffect.h">
      <Filter>Header Files</Filter>
    </ClInclude>
    <ClInclude Include="ext\vst3sdk\public.sdk\source\vst\vstaudioprocessoralgo.h">
      <Filter>Header Files</Filter>
    </ClInclude>
    <ClInclude Include="ext\vst3sdk\public.sdk\source\vst\vstbus.h">
      <Filter>Header Files</Filter>
    </ClInclude>
    <ClInclude Include="ext\vst3sdk\public.sdk\source\vst\vstbypassprocessor.h">
      <Filter>Header Files</Filter>
    </ClInclude>
    <ClInclude Include="ext\vst3sdk\public.sdk\source\vst\vstcomponent.h">
      <Filter>Header Files</Filter>
    </ClInclude>
    <ClInclude Include="ext\vst3sdk\public.sdk\source\vst\vstcomponentbase.h">
      <Filter>Header Files</Filter>
    </ClInclude>
    <ClInclude Include="ext\vst3sdk\public.sdk\source\vst\vsteditcontroller.h">
      <Filter>Header Files</Filter>
    </ClInclude>
    <ClInclude Include="ext\vst3sdk\public.sdk\source\vst\vsteventshelper.h">
      <Filter>Header Files</Filter>
    </ClInclude>
    <ClInclude Include="ext\vst3sdk\public.sdk\source\vst\vstgui_win32_bundle_support.h">
      <Filter>Header Files</Filter>
    </ClInclude>
    <ClInclude Include="ext\vst3sdk\public.sdk\source\vst\vstguieditor.h">
      <Filter>Header Files</Filter>
    </ClInclude>
    <ClInclude Include="ext\vst3sdk\public.sdk\source\vst\vsthelpers.h">
      <Filter>Header Files</Filter>
    </ClInclude>
    <ClInclude Include="ext\vst3sdk\public.sdk\source\vst\vstnoteexpressiontypes.h">
      <Filter>Header Files</Filter>
    </ClInclude>
    <ClInclude Include="ext\vst3sdk\public.sdk\source\vst\vstparameters.h">
      <Filter>Header Files</Filter>
    </ClInclude>
    <ClInclude Include="ext\vst3sdk\public.sdk\source\vst\vstpresetfile.h">
      <Filter>Header Files</Filter>
    </ClInclude>
    <ClInclude Include="ext\vst3sdk\public.sdk\source\vst\vstrepresentation.h">
      <Filter>Header Files</Filter>
    </ClInclude>
    <ClInclude Include="ext\vst3sdk\public.sdk\source\vst\vstsinglecomponenteffect.h">
      <Filter>Header Files</Filter>
    </ClInclude>
    <ClInclude Include="ext\vst3sdk\public.sdk\source\vst\vstspeakerarray.h">
      <Filter>Header Files</Filter>
    </ClInclude>
    <ClInclude Include="ext\vst3sdk\base\source\classfactoryhelpers.h">
      <Filter>Header Files</Filter>
    </ClInclude>
    <ClInclude Include="ext\vst3sdk\base\source\fbuffer.h">
      <Filter>Header Files</Filter>
    </ClInclude>
    <ClInclude Include="ext\vst3sdk\base\source\fcleanup.h">
      <Filter>Header Files</Filter>
    </ClInclude>
    <ClInclude Include="ext\vst3sdk\base\source\fcommandline.h">
      <Filter>Header Files</Filter>
    </ClInclude>
    <ClInclude Include="ext\vst3sdk\base\source\fdebug.h">
      <Filter>Header Files</Filter>
    </ClInclude>
    <ClInclude Include="ext\vst3sdk\base\source\fdynlib.h">
      <Filter>Header Files</Filter>
    </ClInclude>
    <ClInclude Include="ext\vst3sdk\base\source\fobject.h">
      <Filter>Header Files</Filter>
    </ClInclude>
    <ClInclude Include="ext\vst3sdk\base\source\fstdmethods.h">
      <Filter>Header Files</Filter>
    </ClInclude>
    <ClInclude Include="ext\vst3sdk\base\source\fstreamer.h">
      <Filter>Header Files</Filter>
    </ClInclude>
    <ClInclude Include="ext\vst3sdk\base\source\fstring.h">
      <Filter>Header Files</Filter>
    </ClInclude>
    <ClInclude Include="ext\vst3sdk\base\source\hexbinary.h">
      <Filter>Header Files</Filter>
    </ClInclude>
    <ClInclude Include="ext\vst3sdk\base\source\timer.h">
      <Filter>Header Files</Filter>
    </ClInclude>
    <ClInclude Include="ext\vst3sdk\base\source\updatehandler.h">
      <Filter>Header Files</Filter>
    </ClInclude>
    <ClInclude Include="ext\vst3sdk\base\thread\include\fcondition.h">
      <Filter>Header Files</Filter>
    </ClInclude>
    <ClInclude Include="ext\vst3sdk\base\thread\include\flock.h">
      <Filter>Header Files</Filter>
    </ClInclude>
    <ClInclude Include="ext\vst3sdk\vstgui\lib\animation\animations.h">
      <Filter>Header Files</Filter>
    </ClInclude>
    <ClInclude Include="ext\vst3sdk\vstgui\lib\animation\animator.h">
      <Filter>Header Files</Filter>
    </ClInclude>
    <ClInclude Include="ext\vst3sdk\vstgui\lib\animation\ianimationtarget.h">
      <Filter>Header Files</Filter>
    </ClInclude>
    <ClInclude Include="ext\vst3sdk\vstgui\lib\animation\itimingfunction.h">
      <Filter>Header Files</Filter>
    </ClInclude>
    <ClInclude Include="ext\vst3sdk\vstgui\lib\animation\timingfunctions.h">
      <Filter>Header Files</Filter>
    </ClInclude>
    <ClInclude Include="ext\vst3sdk\vstgui\lib\controls\cautoanimation.h">
      <Filter>Header Files</Filter>
    </ClInclude>
    <ClInclude Include="ext\vst3sdk\vstgui\lib\controls\cbuttons.h">
      <Filter>Header Files</Filter>
    </ClInclude>
    <ClInclude Include="ext\vst3sdk\vstgui\lib\controls\ccolorchooser.h">
      <Filter>Header Files</Filter>
    </ClInclude>
    <ClInclude Include="ext\vst3sdk\vstgui\lib\controls\ccontrol.h">
      <Filter>Header Files</Filter>
    </ClInclude>
    <ClInclude Include="ext\vst3sdk\vstgui\lib\controls\cfontchooser.h">
      <Filter>Header Files</Filter>
    </ClInclude>
    <ClInclude Include="ext\vst3sdk\vstgui\lib\controls\cknob.h">
      <Filter>Header Files</Filter>
    </ClInclude>
    <ClInclude Include="ext\vst3sdk\vstgui\lib\controls\clistcontrol.h">
      <Filter>Header Files</Filter>
    </ClInclude>
    <ClInclude Include="ext\vst3sdk\vstgui\lib\controls\cmoviebitmap.h">
      <Filter>Header Files</Filter>
    </ClInclude>
    <ClInclude Include="ext\vst3sdk\vstgui\lib\controls\cmoviebutton.h">
      <Filter>Header Files</Filter>
    </ClInclude>
    <ClInclude Include="ext\vst3sdk\vstgui\lib\controls\coptionmenu.h">
      <Filter>Header Files</Filter>
    </ClInclude>
    <ClInclude Include="ext\vst3sdk\vstgui\lib\controls\cparamdisplay.h">
      <Filter>Header Files</Filter>
    </ClInclude>
    <ClInclude Include="ext\vst3sdk\vstgui\lib\controls\cscrollbar.h">
      <Filter>Header Files</Filter>
    </ClInclude>
    <ClInclude Include="ext\vst3sdk\vstgui\lib\controls\csearchtextedit.h">
      <Filter>Header Files</Filter>
    </ClInclude>
    <ClInclude Include="ext\vst3sdk\vstgui\lib\controls\csegmentbutton.h">
      <Filter>Header Files</Filter>
    </ClInclude>
    <ClInclude Include="ext\vst3sdk\vstgui\lib\controls\cslider.h">
      <Filter>Header Files</Filter>
    </ClInclude>
    <ClInclude Include="ext\vst3sdk\vstgui\lib\controls\cspecialdigit.h">
      <Filter>Header Files</Filter>
    </ClInclude>
    <ClInclude Include="ext\vst3sdk\vstgui\lib\controls\csplashscreen.h">
      <Filter>Header Files</Filter>
    </ClInclude>
    <ClInclude Include="ext\vst3sdk\vstgui\lib\controls\cstringlist.h">
      <Filter>Header Files</Filter>
    </ClInclude>
    <ClInclude Include="ext\vst3sdk\vstgui\lib\controls\cswitch.h">
      <Filter>Header Files</Filter>
    </ClInclude>
    <ClInclude Include="ext\vst3sdk\vstgui\lib\controls\ctextedit.h">
      <Filter>Header Files</Filter>
    </ClInclude>
    <ClInclude Include="ext\vst3sdk\vstgui\lib\controls\ctextlabel.h">
      <Filter>Header Files</Filter>
    </ClInclude>
    <ClInclude Include="ext\vst3sdk\vstgui\lib\controls\cvumeter.h">
      <Filter>Header Files</Filter>
    </ClInclude>
    <ClInclude Include="ext\vst3sdk\vstgui\lib\controls\cxypad.h">
      <Filter>Header Files</Filter>
    </ClInclude>
    <ClInclude Include="ext\vst3sdk\vstgui\lib\controls\icommandmenuitemtarget.h">
      <Filter>Header Files</Filter>
    </ClInclude>
    <ClInclude Include="ext\vst3sdk\vstgui\lib\controls\icontrollistener.h">
      <Filter>Header Files</Filter>
    </ClInclude>
    <ClInclude Include="ext\vst3sdk\vstgui\lib\controls\ioptionmenulistener.h">
      <Filter>Header Files</Filter>
    </ClInclude>
    <ClInclude Include="ext\vst3sdk\vstgui\lib\controls\itexteditlistener.h">
      <Filter>Header Files</Filter>
    </ClInclude>
    <ClInclude Include="ext\vst3sdk\vstgui\lib\controls\itextlabellistener.h">
      <Filter>Header Files</Filter>
    </ClInclude>
    <ClInclude Include="ext\vst3sdk\vstgui\lib\platform\common\fileresourceinputstream.h">
      <Filter>Header Files</Filter>
    </ClInclude>
    <ClInclude Include="ext\vst3sdk\vstgui\lib\platform\common\genericoptionmenu.h">
      <Filter>Header Files</Filter>
    </ClInclude>
    <ClInclude Include="ext\vst3sdk\vstgui\lib\platform\common\generictextedit.h">
      <Filter>Header Files</Filter>
    </ClInclude>
    <ClInclude Include="ext\vst3sdk\vstgui\lib\platform\common\gradientbase.h">
      <Filter>Header Files</Filter>
    </ClInclude>
    <ClInclude Include="ext\vst3sdk\vstgui\lib\platform\common\threadpooltaskexecutor.h">
      <Filter>Header Files</Filter>
    </ClInclude>
    <ClInclude Include="ext\vst3sdk\vstgui\lib\platform\win32\direct2d\d2d.h">
      <Filter>Header Files</Filter>
    </ClInclude>
    <ClInclude Include="ext\vst3sdk\vstgui\lib\platform\win32\direct2d\d2dbitmap.h">
      <Filter>Header Files</Filter>
    </ClInclude>
    <ClInclude Include="ext\vst3sdk\vstgui\lib\platform\win32\direct2d\d2dbitmapcache.h">
      <Filter>Header Files</Filter>
    </ClInclude>
    <ClInclude Include="ext\vst3sdk\vstgui\lib\platform\win32\direct2d\d2dfont.h">
      <Filter>Header Files</Filter>
    </ClInclude>
    <ClInclude Include="ext\vst3sdk\vstgui\lib\platform\win32\direct2d\d2dgradient.h">
      <Filter>Header Files</Filter>
    </ClInclude>
    <ClInclude Include="ext\vst3sdk\vstgui\lib\platform\win32\direct2d\d2dgraphicscontext.h">
      <Filter>Header Files</Filter>
    </ClInclude>
    <ClInclude Include="ext\vst3sdk\vstgui\lib\platform\win32\direct2d\d2dgraphicspath.h">
      <Filter>Header Files</Filter>
    </ClInclude>
    <ClInclude Include="ext\vst3sdk\vstgui\lib\platform\win32\comptr.h">
      <Filter>Header Files</Filter>
    </ClInclude>
    <ClInclude Include="ext\vst3sdk\vstgui\lib\platform\win32\win32bitmapbase.h">
      <Filter>Header Files</Filter>
    </ClInclude>
    <ClInclude Include="ext\vst3sdk\vstgui\lib\platform\win32\win32datapackage.h">
      <Filter>Header Files</Filter>
    </ClInclude>
    <ClInclude Include="ext\vst3sdk\vstgui\lib\platform\win32\win32directcomposition.h">
      <Filter>Header Files</Filter>
    </ClInclude>
    <ClInclude Include="ext\vst3sdk\vstgui\lib\platform\win32\win32dll.h">
      <Filter>Header Files</Filter>
    </ClInclude>
    <ClInclude Include="ext\vst3sdk\vstgui\lib\platform\win32\win32dragging.h">
      <Filter>Header Files</Filter>
    </ClInclude>
    <ClInclude Include="ext\vst3sdk\vstgui\lib\platform\win32\win32factory.h">
      <Filter>Header Files</Filter>
    </ClInclude>
    <ClInclude Include="ext\vst3sdk\vstgui\lib\platform\win32\win32frame.h">
      <Filter>Header Files</Filter>
    </ClInclude>
    <ClInclude Include="ext\vst3sdk\vstgui\lib\platform\win32\win32openglview.h">
      <Filter>Header Files</Filter>
    </ClInclude>
    <ClInclude Include="ext\vst3sdk\vstgui\lib\platform\win32\win32optionmenu.h">
      <Filter>Header Files</Filter>
    </ClInclude>
    <ClInclude Include="ext\vst3sdk\vstgui\lib\platform\win32\win32resourcestream.h">
      <Filter>Header Files</Filter>
    </ClInclude>
    <ClInclude Include="ext\vst3sdk\vstgui\lib\platform\win32\win32support.h">
      <Filter>Header Files</Filter>
    </ClInclude>
    <ClInclude Include="ext\vst3sdk\vstgui\lib\platform\win32\win32taskexecutor.h">
      <Filter>Header Files</Filter>
    </ClInclude>
    <ClInclude Include="ext\vst3sdk\vstgui\lib\platform\win32\win32textedit.h">
      <Filter>Header Files</Filter>
    </ClInclude>
    <ClInclude Include="ext\vst3sdk\vstgui\lib\platform\win32\win32viewlayer.h">
      <Filter>Header Files</Filter>
    </ClInclude>
    <ClInclude Include="ext\vst3sdk\vstgui\lib\platform\win32\winfileselector.h">
      <Filter>Header Files</Filter>
    </ClInclude>
    <ClInclude Include="ext\vst3sdk\vstgui\lib\platform\win32\winstring.h">
      <Filter>Header Files</Filter>
    </ClInclude>
    <ClInclude Include="ext\vst3sdk\vstgui\lib\platform\win32\wintimer.h">
      <Filter>Header Files</Filter>
    </ClInclude>
    <ClInclude Include="ext\vst3sdk\vstgui\lib\platform\iplatformbitmap.h">
      <Filter>Header Files</Filter>
    </ClInclude>
    <ClInclude Include="ext\vst3sdk\vstgui\lib\platform\iplatformfileselector.h">
      <Filter>Header Files</Filter>
    </ClInclude>
    <ClInclude Include="ext\vst3sdk\vstgui\lib\platform\iplatformfont.h">
      <Filter>Header Files</Filter>
    </ClInclude>
    <ClInclude Include="ext\vst3sdk\vstgui\lib\platform\iplatformframe.h">
      <Filter>Header Files</Filter>
    </ClInclude>
    <ClInclude Include="ext\vst3sdk\vstgui\lib\platform\iplatformframecallback.h">
      <Filter>Header Files</Filter>
    </ClInclude>
    <ClInclude Include="ext\vst3sdk\vstgui\lib\platform\iplatformgradient.h">
      <Filter>Header Files</Filter>
    </ClInclude>
    <ClInclude Include="ext\vst3sdk\vstgui\lib\platform\iplatformgraphicsdevice.h">
      <Filter>Header Files</Filter>
    </ClInclude>
    <ClInclude Include="ext\vst3sdk\vstgui\lib\platform\iplatformgraphicspath.h">
      <Filter>Header Files</Filter>
    </ClInclude>
    <ClInclude Include="ext\vst3sdk\vstgui\lib\platform\iplatformopenglview.h">
      <Filter>Header Files</Filter>
    </ClInclude>
    <ClInclude Include="ext\vst3sdk\vstgui\lib\platform\iplatformoptionmenu.h">
      <Filter>Header Files</Filter>
    </ClInclude>
    <ClInclude Include="ext\vst3sdk\vstgui\lib\platform\iplatformresourceinputstream.h">
      <Filter>Header Files</Filter>
    </ClInclude>
    <ClInclude Include="ext\vst3sdk\vstgui\lib\platform\iplatformstring.h">
      <Filter>Header Files</Filter>
    </ClInclude>
    <ClInclude Include="ext\vst3sdk\vstgui\lib\platform\iplatformtaskexecutor.h">
      <Filter>Header Files</Filter>
    </ClInclude>
    <ClInclude Include="ext\vst3sdk\vstgui\lib\platform\iplatformtextedit.h">
      <Filter>Header Files</Filter>
    </ClInclude>
    <ClInclude Include="ext\vst3sdk\vstgui\lib\platform\iplatformtextinputclient.h">
      <Filter>Header Files</Filter>
    </ClInclude>
    <ClInclude Include="ext\vst3sdk\vstgui\lib\platform\iplatformtimer.h">
      <Filter>Header Files</Filter>
    </ClInclude>
    <ClInclude Include="ext\vst3sdk\vstgui\lib\platform\iplatformviewlayer.h">
      <Filter>Header Files</Filter>
    </ClInclude>
    <ClInclude Include="ext\vst3sdk\vstgui\lib\platform\platform_win32.h">
      <Filter>Header Files</Filter>
    </ClInclude>
    <ClInclude Include="ext\vst3sdk\vstgui\lib\platform\platformfactory.h">
      <Filter>Header Files</Filter>
    </ClInclude>
    <ClInclude Include="ext\vst3sdk\vstgui\lib\platform\platformfwd.h">
      <Filter>Header Files</Filter>
    </ClInclude>
    <ClInclude Include="ext\vst3sdk\vstgui\lib\platform\std_unorderedmap.h">
      <Filter>Header Files</Filter>
    </ClInclude>
    <ClInclude Include="ext\vst3sdk\vstgui\lib\private\disabledeprecatedmessage.h">
      <Filter>Header Files</Filter>
    </ClInclude>
    <ClInclude Include="ext\vst3sdk\vstgui\lib\private\enabledeprecatedmessage.h">
      <Filter>Header Files</Filter>
    </ClInclude>
    <ClInclude Include="ext\vst3sdk\vstgui\lib\viewlayouter\autosizeviewlayouter.h">
      <Filter>Header Files</Filter>
    </ClInclude>
    <ClInclude Include="ext\vst3sdk\vstgui\lib\viewlayouter\baseviewlayouter.h">
      <Filter>Header Files</Filter>
    </ClInclude>
    <ClInclude Include="ext\vst3sdk\vstgui\lib\viewlayouter\gridlayouter.h">
      <Filter>Header Files</Filter>
    </ClInclude>
    <ClInclude Include="ext\vst3sdk\vstgui\lib\viewlayouter\noviewlayouter.h">
      <Filter>Header Files</Filter>
    </ClInclude>
    <ClInclude Include="ext\vst3sdk\vstgui\lib\algorithm.h">
      <Filter>Header Files</Filter>
    </ClInclude>
    <ClInclude Include="ext\vst3sdk\vstgui\lib\cbitmap.h">
      <Filter>Header Files</Filter>
    </ClInclude>
    <ClInclude Include="ext\vst3sdk\vstgui\lib\cbitmapfilter.h">
      <Filter>Header Files</Filter>
    </ClInclude>
    <ClInclude Include="ext\vst3sdk\vstgui\lib\cbuttonstate.h">
      <Filter>Header Files</Filter>
    </ClInclude>
    <ClInclude Include="ext\vst3sdk\vstgui\lib\cclipboard.h">
      <Filter>Header Files</Filter>
    </ClInclude>
    <ClInclude Include="ext\vst3sdk\vstgui\lib\ccolor.h">
      <Filter>Header Files</Filter>
    </ClInclude>
    <ClInclude Include="ext\vst3sdk\vstgui\lib\cdatabrowser.h">
      <Filter>Header Files</Filter>
    </ClInclude>
    <ClInclude Include="ext\vst3sdk\vstgui\lib\cdrawcontext.h">
      <Filter>Header Files</Filter>
    </ClInclude>
    <ClInclude Include="ext\vst3sdk\vstgui\lib\cdrawdefs.h">
      <Filter>Header Files</Filter>
    </ClInclude>
    <ClInclude Include="ext\vst3sdk\vstgui\lib\cdrawmethods.h">
      <Filter>Header Files</Filter>
    </ClInclude>
    <ClInclude Include="ext\vst3sdk\vstgui\lib\cdropsource.h">
      <Filter>Header Files</Filter>
    </ClInclude>
    <ClInclude Include="ext\vst3sdk\vstgui\lib\cexternalview.h">
      <Filter>Header Files</Filter>
    </ClInclude>
    <ClInclude Include="ext\vst3sdk\vstgui\lib\cfileselector.h">
      <Filter>Header Files</Filter>
    </ClInclude>
    <ClInclude Include="ext\vst3sdk\vstgui\lib\cfont.h">
      <Filter>Header Files</Filter>
    </ClInclude>
    <ClInclude Include="ext\vst3sdk\vstgui\lib\cframe.h">
      <Filter>Header Files</Filter>
    </ClInclude>
    <ClInclude Include="ext\vst3sdk\vstgui\lib\cgradient.h">
      <Filter>Header Files</Filter>
    </ClInclude>
    <ClInclude Include="ext\vst3sdk\vstgui\lib\cgradientview.h">
      <Filter>Header Files</Filter>
    </ClInclude>
    <ClInclude Include="ext\vst3sdk\vstgui\lib\cgraphicspath.h">
      <Filter>Header Files</Filter>
    </ClInclude>
    <ClInclude Include="ext\vst3sdk\vstgui\lib\cgraphicstransform.h">
      <Filter>Header Files</Filter>
    </ClInclude>
    <ClInclude Include="ext\vst3sdk\vstgui\lib\cinvalidrectlist.h">
      <Filter>Header Files</Filter>
    </ClInclude>
    <ClInclude Include="ext\vst3sdk\vstgui\lib\clayeredviewcontainer.h">
      <Filter>Header Files</Filter>
    </ClInclude>
    <ClInclude Include="ext\vst3sdk\vstgui\lib\clinestyle.h">
      <Filter>Header Files</Filter>
    </ClInclude>
    <ClInclude Include="ext\vst3sdk\vstgui\lib\coffscreencontext.h">
      <Filter>Header Files</Filter>
    </ClInclude>
    <ClInclude Include="ext\vst3sdk\vstgui\lib\copenglview.h">
      <Filter>Header Files</Filter>
    </ClInclude>
    <ClInclude Include="ext\vst3sdk\vstgui\lib\cpoint.h">
      <Filter>Header Files</Filter>
    </ClInclude>
    <ClInclude Include="ext\vst3sdk\vstgui\lib\crect.h">
      <Filter>Header Files</Filter>
    </ClInclude>
    <ClInclude Include="ext\vst3sdk\vstgui\lib\cresourcedescription.h">
      <Filter>Header Files</Filter>
    </ClInclude>
    <ClInclude Include="ext\vst3sdk\vstgui\lib\crowcolumnview.h">
      <Filter>Header Files</Filter>
    </ClInclude>
    <ClInclude Include="ext\vst3sdk\vstgui\lib\cscrollview.h">
      <Filter>Header Files</Filter>
    </ClInclude>
    <ClInclude Include="ext\vst3sdk\vstgui\lib\cshadowviewcontainer.h">
      <Filter>Header Files</Filter>
    </ClInclude>
    <ClInclude Include="ext\vst3sdk\vstgui\lib\csplitview.h">
      <Filter>Header Files</Filter>
    </ClInclude>
    <ClInclude Include="ext\vst3sdk\vstgui\lib\cstring.h">
      <Filter>Header Files</Filter>
    </ClInclude>
    <ClInclude Include="ext\vst3sdk\vstgui\lib\ctabview.h">
      <Filter>Header Files</Filter>
    </ClInclude>
    <ClInclude Include="ext\vst3sdk\vstgui\lib\ctexteditor.h">
      <Filter>Header Files</Filter>
    </ClInclude>
    <ClInclude Include="ext\vst3sdk\vstgui\lib\ctooltipsupport.h">
      <Filter>Header Files</Filter>
    </ClInclude>
    <ClInclude Include="ext\vst3sdk\vstgui\lib\cview.h">
      <Filter>Header Files</Filter>
    </ClInclude>
    <ClInclude Include="ext\vst3sdk\vstgui\lib\cviewcontainer.h">
      <Filter>Header Files</Filter>
    </ClInclude>
    <ClInclude Include="ext\vst3sdk\vstgui\lib\cvstguitimer.h">
      <Filter>Header Files</Filter>
    </ClInclude>
    <ClInclude Include="ext\vst3sdk\vstgui\lib\dispatchlist.h">
      <Filter>Header Files</Filter>
    </ClInclude>
    <ClInclude Include="ext\vst3sdk\vstgui\lib\dragging.h">
      <Filter>Header Files</Filter>
    </ClInclude>
    <ClInclude Include="ext\vst3sdk\vstgui\lib\enumbitset.h">
      <Filter>Header Files</Filter>
    </ClInclude>
    <ClInclude Include="ext\vst3sdk\vstgui\lib\events.h">
      <Filter>Header Files</Filter>
    </ClInclude>
    <ClInclude Include="ext\vst3sdk\vstgui\lib\finally.h">
      <Filter>Header Files</Filter>
    </ClInclude>
    <ClInclude Include="ext\vst3sdk\vstgui\lib\genericstringlistdatabrowsersource.h">
      <Filter>Header Files</Filter>
    </ClInclude>
    <ClInclude Include="ext\vst3sdk\vstgui\lib\idatabrowserdelegate.h">
      <Filter>Header Files</Filter>
    </ClInclude>
    <ClInclude Include="ext\vst3sdk\vstgui\lib\idatapackage.h">
      <Filter>Header Files</Filter>
    </ClInclude>
    <ClInclude Include="ext\vst3sdk\vstgui\lib\idependency.h">
      <Filter>Header Files</Filter>
    </ClInclude>
    <ClInclude Include="ext\vst3sdk\vstgui\lib\iexternalview.h">
      <Filter>Header Files</Filter>
    </ClInclude>
    <ClInclude Include="ext\vst3sdk\vstgui\lib\ifocusdrawing.h">
      <Filter>Header Files</Filter>
    </ClInclude>
    <ClInclude Include="ext\vst3sdk\vstgui\lib\iscalefactorchangedlistener.h">
      <Filter>Header Files</Filter>
    </ClInclude>
    <ClInclude Include="ext\vst3sdk\vstgui\lib\itouchevent.h">
      <Filter>Header Files</Filter>
    </ClInclude>
    <ClInclude Include="ext\vst3sdk\vstgui\lib\iviewlayouter.h">
      <Filter>Header Files</Filter>
    </ClInclude>
    <ClInclude Include="ext\vst3sdk\vstgui\lib\iviewlistener.h">
      <Filter>Header Files</Filter>
    </ClInclude>
    <ClInclude Include="ext\vst3sdk\vstgui\lib\malloc.h">
      <Filter>Header Files</Filter>
    </ClInclude>
    <ClInclude Include="ext\vst3sdk\vstgui\lib\optional.h">
      <Filter>Header Files</Filter>
    </ClInclude>
    <ClInclude Include="ext\vst3sdk\vstgui\lib\pixelbuffer.h">
      <Filter>Header Files</Filter>
    </ClInclude>
    <ClInclude Include="ext\vst3sdk\vstgui\lib\tasks.h">
      <Filter>Header Files</Filter>
    </ClInclude>
    <ClInclude Include="ext\vst3sdk\vstgui\lib\vstguibase.h">
      <Filter>Header Files</Filter>
    </ClInclude>
    <ClInclude Include="ext\vst3sdk\vstgui\lib\vstguidebug.h">
      <Filter>Header Files</Filter>
    </ClInclude>
    <ClInclude Include="ext\vst3sdk\vstgui\lib\vstguifwd.h">
      <Filter>Header Files</Filter>
    </ClInclude>
    <ClInclude Include="ext\vst3sdk\vstgui\lib\vstguiinit.h">
      <Filter>Header Files</Filter>
    </ClInclude>
    <ClInclude Include="ext\vst3sdk\vstgui\lib\vstkeycode.h">
      <Filter>Header Files</Filter>
    </ClInclude>
    <ClInclude Include="ext\vst3sdk\vstgui\plugin-bindings\getpluginbundle.h">
      <Filter>Header Files</Filter>
    </ClInclude>
    <ClInclude Include="ext\vst3sdk\vstgui\plugin-bindings\plugguieditor.h">
      <Filter>Header Files</Filter>
    </ClInclude>
    <ClInclude Include="ext\vst3sdk\vstgui\plugin-bindings\vst3editor.h">
      <Filter>Header Files</Filter>
    </ClInclude>
    <ClInclude Include="ext\vst3sdk\vstgui\plugin-bindings\vst3groupcontroller.h">
      <Filter>Header Files</Filter>
    </ClInclude>
    <ClInclude Include="ext\vst3sdk\vstgui\plugin-bindings\vst3padcontroller.h">
      <Filter>Header Files</Filter>
    </ClInclude>
    <ClInclude Include="ext\vst3sdk\vstgui\thirdparty\expat\ascii.h">
      <Filter>Header Files</Filter>
    </ClInclude>
    <ClInclude Include="ext\vst3sdk\vstgui\thirdparty\expat\asciitab.h">
      <Filter>Header Files</Filter>
    </ClInclude>
    <ClInclude Include="ext\vst3sdk\vstgui\thirdparty\expat\expat.h">
      <Filter>Header Files</Filter>
    </ClInclude>
    <ClInclude Include="ext\vst3sdk\vstgui\thirdparty\expat\expat_external.h">
      <Filter>Header Files</Filter>
    </ClInclude>
    <ClInclude Include="ext\vst3sdk\vstgui\thirdparty\expat\iasciitab.h">
      <Filter>Header Files</Filter>
    </ClInclude>
    <ClInclude Include="ext\vst3sdk\vstgui\thirdparty\expat\internal.h">
      <Filter>Header Files</Filter>
    </ClInclude>
    <ClInclude Include="ext\vst3sdk\vstgui\thirdparty\expat\latin1tab.h">
      <Filter>Header Files</Filter>
    </ClInclude>
    <ClInclude Include="ext\vst3sdk\vstgui\thirdparty\expat\macconfig.h">
      <Filter>Header Files</Filter>
    </ClInclude>
    <ClInclude Include="ext\vst3sdk\vstgui\thirdparty\expat\nametab.h">
      <Filter>Header Files</Filter>
    </ClInclude>
    <ClInclude Include="ext\vst3sdk\vstgui\thirdparty\expat\utf8tab.h">
      <Filter>Header Files</Filter>
    </ClInclude>
    <ClInclude Include="ext\vst3sdk\vstgui\thirdparty\expat\winconfig.h">
      <Filter>Header Files</Filter>
    </ClInclude>
    <ClInclude Include="ext\vst3sdk\vstgui\thirdparty\expat\xmlrole.h">
      <Filter>Header Files</Filter>
    </ClInclude>
    <ClInclude Include="ext\vst3sdk\vstgui\thirdparty\expat\xmltok.h">
      <Filter>Header Files</Filter>
    </ClInclude>
    <ClInclude Include="ext\vst3sdk\vstgui\thirdparty\expat\xmltok_impl.h">
      <Filter>Header Files</Filter>
    </ClInclude>
    <ClInclude Include="ext\vst3sdk\vstgui\thirdparty\miniz\miniz.h">
      <Filter>Header Files</Filter>
    </ClInclude>
    <ClInclude Include="ext\vst3sdk\vstgui\thirdparty\rapidjson\include\rapidjson\error\en.h">
      <Filter>Header Files</Filter>
    </ClInclude>
    <ClInclude Include="ext\vst3sdk\vstgui\thirdparty\rapidjson\include\rapidjson\error\error.h">
      <Filter>Header Files</Filter>
    </ClInclude>
    <ClInclude Include="ext\vst3sdk\vstgui\thirdparty\rapidjson\include\rapidjson\internal\biginteger.h">
      <Filter>Header Files</Filter>
    </ClInclude>
    <ClInclude Include="ext\vst3sdk\vstgui\thirdparty\rapidjson\include\rapidjson\internal\clzll.h">
      <Filter>Header Files</Filter>
    </ClInclude>
    <ClInclude Include="ext\vst3sdk\vstgui\thirdparty\rapidjson\include\rapidjson\internal\diyfp.h">
      <Filter>Header Files</Filter>
    </ClInclude>
    <ClInclude Include="ext\vst3sdk\vstgui\thirdparty\rapidjson\include\rapidjson\internal\dtoa.h">
      <Filter>Header Files</Filter>
    </ClInclude>
    <ClInclude Include="ext\vst3sdk\vstgui\thirdparty\rapidjson\include\rapidjson\internal\ieee754.h">
      <Filter>Header Files</Filter>
    </ClInclude>
    <ClInclude Include="ext\vst3sdk\vstgui\thirdparty\rapidjson\include\rapidjson\internal\itoa.h">
      <Filter>Header Files</Filter>
    </ClInclude>
    <ClInclude Include="ext\vst3sdk\vstgui\thirdparty\rapidjson\include\rapidjson\internal\meta.h">
      <Filter>Header Files</Filter>
    </ClInclude>
    <ClInclude Include="ext\vst3sdk\vstgui\thirdparty\rapidjson\include\rapidjson\internal\pow10.h">
      <Filter>Header Files</Filter>
    </ClInclude>
    <ClInclude Include="ext\vst3sdk\vstgui\thirdparty\rapidjson\include\rapidjson\internal\regex.h">
      <Filter>Header Files</Filter>
    </ClInclude>
    <ClInclude Include="ext\vst3sdk\vstgui\thirdparty\rapidjson\include\rapidjson\internal\stack.h">
      <Filter>Header Files</Filter>
    </ClInclude>
    <ClInclude Include="ext\vst3sdk\vstgui\thirdparty\rapidjson\include\rapidjson\internal\strfunc.h">
      <Filter>Header Files</Filter>
    </ClInclude>
    <ClInclude Include="ext\vst3sdk\vstgui\thirdparty\rapidjson\include\rapidjson\internal\strtod.h">
      <Filter>Header Files</Filter>
    </ClInclude>
    <ClInclude Include="ext\vst3sdk\vstgui\thirdparty\rapidjson\include\rapidjson\internal\swap.h">
      <Filter>Header Files</Filter>
    </ClInclude>
    <ClInclude Include="ext\vst3sdk\vstgui\thirdparty\rapidjson\include\rapidjson\msinttypes\inttypes.h">
      <Filter>Header Files</Filter>
    </ClInclude>
    <ClInclude Include="ext\vst3sdk\vstgui\thirdparty\rapidjson\include\rapidjson\msinttypes\stdint.h">
      <Filter>Header Files</Filter>
    </ClInclude>
    <ClInclude Include="ext\vst3sdk\vstgui\thirdparty\rapidjson\include\rapidjson\allocators.h">
      <Filter>Header Files</Filter>
    </ClInclude>
    <ClInclude Include="ext\vst3sdk\vstgui\thirdparty\rapidjson\include\rapidjson\cursorstreamwrapper.h">
      <Filter>Header Files</Filter>
    </ClInclude>
    <ClInclude Include="ext\vst3sdk\vstgui\thirdparty\rapidjson\include\rapidjson\document.h">
      <Filter>Header Files</Filter>
    </ClInclude>
    <ClInclude Include="ext\vst3sdk\vstgui\thirdparty\rapidjson\include\rapidjson\encodedstream.h">
      <Filter>Header Files</Filter>
    </ClInclude>
    <ClInclude Include="ext\vst3sdk\vstgui\thirdparty\rapidjson\include\rapidjson\encodings.h">
      <Filter>Header Files</Filter>
    </ClInclude>
    <ClInclude Include="ext\vst3sdk\vstgui\thirdparty\rapidjson\include\rapidjson\filereadstream.h">
      <Filter>Header Files</Filter>
    </ClInclude>
    <ClInclude Include="ext\vst3sdk\vstgui\thirdparty\rapidjson\include\rapidjson\filewritestream.h">
      <Filter>Header Files</Filter>
    </ClInclude>
    <ClInclude Include="ext\vst3sdk\vstgui\thirdparty\rapidjson\include\rapidjson\fwd.h">
      <Filter>Header Files</Filter>
    </ClInclude>
    <ClInclude Include="ext\vst3sdk\vstgui\thirdparty\rapidjson\include\rapidjson\istreamwrapper.h">
      <Filter>Header Files</Filter>
    </ClInclude>
    <ClInclude Include="ext\vst3sdk\vstgui\thirdparty\rapidjson\include\rapidjson\memorybuffer.h">
      <Filter>Header Files</Filter>
    </ClInclude>
    <ClInclude Include="ext\vst3sdk\vstgui\thirdparty\rapidjson\include\rapidjson\memorystream.h">
      <Filter>Header Files</Filter>
    </ClInclude>
    <ClInclude Include="ext\vst3sdk\vstgui\thirdparty\rapidjson\include\rapidjson\ostreamwrapper.h">
      <Filter>Header Files</Filter>
    </ClInclude>
    <ClInclude Include="ext\vst3sdk\vstgui\thirdparty\rapidjson\include\rapidjson\pointer.h">
      <Filter>Header Files</Filter>
    </ClInclude>
    <ClInclude Include="ext\vst3sdk\vstgui\thirdparty\rapidjson\include\rapidjson\prettywriter.h">
      <Filter>Header Files</Filter>
    </ClInclude>
    <ClInclude Include="ext\vst3sdk\vstgui\thirdparty\rapidjson\include\rapidjson\rapidjson.h">
      <Filter>Header Files</Filter>
    </ClInclude>
    <ClInclude Include="ext\vst3sdk\vstgui\thirdparty\rapidjson\include\rapidjson\reader.h">
      <Filter>Header Files</Filter>
    </ClInclude>
    <ClInclude Include="ext\vst3sdk\vstgui\thirdparty\rapidjson\include\rapidjson\schema.h">
      <Filter>Header Files</Filter>
    </ClInclude>
    <ClInclude Include="ext\vst3sdk\vstgui\thirdparty\rapidjson\include\rapidjson\stream.h">
      <Filter>Header Files</Filter>
    </ClInclude>
    <ClInclude Include="ext\vst3sdk\vstgui\thirdparty\rapidjson\include\rapidjson\stringbuffer.h">
      <Filter>Header Files</Filter>
    </ClInclude>
    <ClInclude Include="ext\vst3sdk\vstgui\thirdparty\rapidjson\include\rapidjson\uri.h">
      <Filter>Header Files</Filter>
    </ClInclude>
    <ClInclude Include="ext\vst3sdk\vstgui\thirdparty\rapidjson\include\rapidjson\writer.h">
      <Filter>Header Files</Filter>
    </ClInclude>
    <ClInclude Include="ext\vst3sdk\vstgui\thirdparty\stb_textedit.h">
      <Filter>Header Files</Filter>
    </ClInclude>
    <ClInclude Include="ext\vst3sdk\vstgui\uidescription\detail\locale.h">
      <Filter>Header Files</Filter>
    </ClInclude>
    <ClInclude Include="ext\vst3sdk\vstgui\uidescription\detail\parsecolor.h">
      <Filter>Header Files</Filter>
    </ClInclude>
    <ClInclude Include="ext\vst3sdk\vstgui\uidescription\detail\scalefactorutils.h">
      <Filter>Header Files</Filter>
    </ClInclude>
    <ClInclude Include="ext\vst3sdk\vstgui\uidescription\detail\uidesclist.h">
      <Filter>Header Files</Filter>
    </ClInclude>
    <ClInclude Include="ext\vst3sdk\vstgui\uidescription\detail\uijsonpersistence.h">
      <Filter>Header Files</Filter>
    </ClInclude>
    <ClInclude Include="ext\vst3sdk\vstgui\uidescription\detail\uinode.h">
      <Filter>Header Files</Filter>
    </ClInclude>
    <ClInclude Include="ext\vst3sdk\vstgui\uidescription\detail\uiviewcreatorattributes.h">
      <Filter>Header Files</Filter>
    </ClInclude>
    <ClInclude Include="ext\vst3sdk\vstgui\uidescription\detail\uixmlpersistence.h">
      <Filter>Header Files</Filter>
    </ClInclude>
    <ClInclude Include="ext\vst3sdk\vstgui\uidescription\viewcreator\animationsplashscreencreator.h">
      <Filter>Header Files</Filter>
    </ClInclude>
    <ClInclude Include="ext\vst3sdk\vstgui\uidescription\viewcreator\animknobcreator.h">
      <Filter>Header Files</Filter>
    </ClInclude>
    <ClInclude Include="ext\vst3sdk\vstgui\uidescription\viewcreator\autoanimationcreator.h">
      <Filter>Header Files</Filter>
    </ClInclude>
    <ClInclude Include="ext\vst3sdk\vstgui\uidescription\viewcreator\checkboxcreator.h">
      <Filter>Header Files</Filter>
    </ClInclude>
    <ClInclude Include="ext\vst3sdk\vstgui\uidescription\viewcreator\controlcreator.h">
      <Filter>Header Files</Filter>
    </ClInclude>
    <ClInclude Include="ext\vst3sdk\vstgui\uidescription\viewcreator\gradientviewcreator.h">
      <Filter>Header Files</Filter>
    </ClInclude>
    <ClInclude Include="ext\vst3sdk\vstgui\uidescription\viewcreator\kickbuttoncreator.h">
      <Filter>Header Files</Filter>
    </ClInclude>
    <ClInclude Include="ext\vst3sdk\vstgui\uidescription\viewcreator\knobcreator.h">
      <Filter>Header Files</Filter>
    </ClInclude>
    <ClInclude Include="ext\vst3sdk\vstgui\uidescription\viewcreator\layeredviewcontainercreator.h">
      <Filter>Header Files</Filter>
    </ClInclude>
    <ClInclude Include="ext\vst3sdk\vstgui\uidescription\viewcreator\moviebitmapcreator.h">
      <Filter>Header Files</Filter>
    </ClInclude>
    <ClInclude Include="ext\vst3sdk\vstgui\uidescription\viewcreator\moviebuttoncreator.h">
      <Filter>Header Files</Filter>
    </ClInclude>
    <ClInclude Include="ext\vst3sdk\vstgui\uidescription\viewcreator\multibitmapcontrolcreator.h">
      <Filter>Header Files</Filter>
    </ClInclude>
    <ClInclude Include="ext\vst3sdk\vstgui\uidescription\viewcreator\multilinetextlabelcreator.h">
      <Filter>Header Files</Filter>
    </ClInclude>
    <ClInclude Include="ext\vst3sdk\vstgui\uidescription\viewcreator\onoffbuttoncreator.h">
      <Filter>Header Files</Filter>
    </ClInclude>
    <ClInclude Include="ext\vst3sdk\vstgui\uidescription\viewcreator\optionmenucreator.h">
      <Filter>Header Files</Filter>
    </ClInclude>
    <ClInclude Include="ext\vst3sdk\vstgui\uidescription\viewcreator\paramdisplaycreator.h">
      <Filter>Header Files</Filter>
    </ClInclude>
    <ClInclude Include="ext\vst3sdk\vstgui\uidescription\viewcreator\rockerswitchcreator.h">
      <Filter>Header Files</Filter>
    </ClInclude>
    <ClInclude Include="ext\vst3sdk\vstgui\uidescription\viewcreator\rowcolumnviewcreator.h">
      <Filter>Header Files</Filter>
    </ClInclude>
    <ClInclude Include="ext\vst3sdk\vstgui\uidescription\viewcreator\scrollviewcreator.h">
      <Filter>Header Files</Filter>
    </ClInclude>
    <ClInclude Include="ext\vst3sdk\vstgui\uidescription\viewcreator\searchtexteditcreator.h">
      <Filter>Header Files</Filter>
    </ClInclude>
    <ClInclude Include="ext\vst3sdk\vstgui\uidescription\viewcreator\segmentbuttoncreator.h">
      <Filter>Header Files</Filter>
    </ClInclude>
    <ClInclude Include="ext\vst3sdk\vstgui\uidescription\viewcreator\shadowviewcontainercreator.h">
      <Filter>Header Files</Filter>
    </ClInclude>
    <ClInclude Include="ext\vst3sdk\vstgui\uidescription\viewcreator\sliderviewcreator.h">
      <Filter>Header Files</Filter>
    </ClInclude>
    <ClInclude Include="ext\vst3sdk\vstgui\uidescription\viewcreator\splitviewcreator.h">
      <Filter>Header Files</Filter>
    </ClInclude>
    <ClInclude Include="ext\vst3sdk\vstgui\uidescription\viewcreator\stringlistcontrolcreator.h">
      <Filter>Header Files</Filter>
    </ClInclude>
    <ClInclude Include="ext\vst3sdk\vstgui\uidescription\viewcreator\switchcreators.h">
      <Filter>Header Files</Filter>
    </ClInclude>
    <ClInclude Include="ext\vst3sdk\vstgui\uidescription\viewcreator\textbuttoncreator.h">
      <Filter>Header Files</Filter>
    </ClInclude>
    <ClInclude Include="ext\vst3sdk\vstgui\uidescription\viewcreator\texteditcreator.h">
      <Filter>Header Files</Filter>
    </ClInclude>
    <ClInclude Include="ext\vst3sdk\vstgui\uidescription\viewcreator\textlabelcreator.h">
      <Filter>Header Files</Filter>
    </ClInclude>
    <ClInclude Include="ext\vst3sdk\vstgui\uidescription\viewcreator\uiviewswitchcontainercreator.h">
      <Filter>Header Files</Filter>
    </ClInclude>
    <ClInclude Include="ext\vst3sdk\vstgui\uidescription\viewcreator\viewcontainercreator.h">
      <Filter>Header Files</Filter>
    </ClInclude>
    <ClInclude Include="ext\vst3sdk\vstgui\uidescription\viewcreator\viewcreator.h">
      <Filter>Header Files</Filter>
    </ClInclude>
    <ClInclude Include="ext\vst3sdk\vstgui\uidescription\viewcreator\vumetercreator.h">
      <Filter>Header Files</Filter>
    </ClInclude>
    <ClInclude Include="ext\vst3sdk\vstgui\uidescription\viewcreator\xypadcreator.h">
      <Filter>Header Files</Filter>
    </ClInclude>
    <ClInclude Include="ext\vst3sdk\vstgui\uidescription\base64codec.h">
      <Filter>Header Files</Filter>
    </ClInclude>
    <ClInclude Include="ext\vst3sdk\vstgui\uidescription\compresseduidescription.h">
      <Filter>Header Files</Filter>
    </ClInclude>
    <ClInclude Include="ext\vst3sdk\vstgui\uidescription\cstream.h">
      <Filter>Header Files</Filter>
    </ClInclude>
    <ClInclude Include="ext\vst3sdk\vstgui\uidescription\cstream_zlib.h">
      <Filter>Header Files</Filter>
    </ClInclude>
    <ClInclude Include="ext\vst3sdk\vstgui\uidescription\delegationcontroller.h">
      <Filter>Header Files</Filter>
    </ClInclude>
    <ClInclude Include="ext\vst3sdk\vstgui\uidescription\doc.h">
      <Filter>Header Files</Filter>
    </ClInclude>
    <ClInclude Include="ext\vst3sdk\vstgui\uidescription\icontentprovider.h">
      <Filter>Header Files</Filter>
    </ClInclude>
    <ClInclude Include="ext\vst3sdk\vstgui\uidescription\icontroller.h">
      <Filter>Header Files</Filter>
    </ClInclude>
    <ClInclude Include="ext\vst3sdk\vstgui\uidescription\iuidescription.h">
      <Filter>Header Files</Filter>
    </ClInclude>
    <ClInclude Include="ext\vst3sdk\vstgui\uidescription\iuidescriptionaddon.h">
      <Filter>Header Files</Filter>
    </ClInclude>
    <ClInclude Include="ext\vst3sdk\vstgui\uidescription\iviewcreator.h">
      <Filter>Header Files</Filter>
    </ClInclude>
    <ClInclude Include="ext\vst3sdk\vstgui\uidescription\iviewfactory.h">
      <Filter>Header Files</Filter>
    </ClInclude>
    <ClInclude Include="ext\vst3sdk\vstgui\uidescription\uiattributes.h">
      <Filter>Header Files</Filter>
    </ClInclude>
    <ClInclude Include="ext\vst3sdk\vstgui\uidescription\uicontentprovider.h">
      <Filter>Header Files</Filter>
    </ClInclude>
    <ClInclude Include="ext\vst3sdk\vstgui\uidescription\uidescription.h">
      <Filter>Header Files</Filter>
    </ClInclude>
    <ClInclude Include="ext\vst3sdk\vstgui\uidescription\uidescriptionaddonregistry.h">
      <Filter>Header Files</Filter>
    </ClInclude>
    <ClInclude Include="ext\vst3sdk\vstgui\uidescription\uidescriptionfwd.h">
      <Filter>Header Files</Filter>
    </ClInclude>
    <ClInclude Include="ext\vst3sdk\vstgui\uidescription\uidescriptionlistener.h">
      <Filter>Header Files</Filter>
    </ClInclude>
    <ClInclude Include="ext\vst3sdk\vstgui\uidescription\uiviewcreator.h">
      <Filter>Header Files</Filter>
    </ClInclude>
    <ClInclude Include="ext\vst3sdk\vstgui\uidescription\uiviewfactory.h">
      <Filter>Header Files</Filter>
    </ClInclude>
    <ClInclude Include="ext\vst3sdk\vstgui\uidescription\uiviewswitchcontainer.h">
      <Filter>Header Files</Filter>
    </ClInclude>
    <ClInclude Include="ext\vst3sdk\vstgui\uidescription\xmlparser.h">
      <Filter>Header Files</Filter>
    </ClInclude>
    <ClInclude Include="ext\vst3sdk\vstgui\uidescription\xmluidescdoc.h">
      <Filter>Header Files</Filter>
    </ClInclude>
    <ClInclude Include="ext\vst3sdk\vstgui\vstgui.h">
      <Filter>Header Files</Filter>
    </ClInclude>
    <ClInclude Include="ext\vst3sdk\vstgui\vstgui_uidescription.h">
      <Filter>Header Files</Filter>
    </ClInclude>
    <ClInclude Include="ext\vst3sdk\vstgui\lib\vst_stringconvert.h">
      <Filter>Header Files</Filter>
    </ClInclude>
    <ClInclude Include="src\PianoVisualizer.h">
      <Filter>Header Files</Filter>
    </ClInclude>
    <ClInclude Include="resources\resource1.h">
      <Filter>Header Files</Filter>
    </ClInclude>
    <ClInclude Include="util\camera\Camera.h">
      <Filter>Header Files</Filter>
    </ClInclude>
    <ClInclude Include="util\camera\CameraControls.h">
      <Filter>Header Files</Filter>
    </ClInclude>
    <ClInclude Include="src\Audio\AudioOutput.h">
      <Filter>Header Files</Filter>
    </ClInclude>
    <ClInclude Include="src\Audio\AudioEngine.h">
      <Filter>Header Files</Filter>
    </ClInclude>
    <ClInclude Include="src\Audio\vst\VSTAudio.h">
      <Filter>Header Files</Filter>
    </ClInclude>
    <ClInclude Include="src\Audio\vst\VSTStateStream.h">
      <Filter>Header Files</Filter>
    </ClInclude>
    <ClInclude Include="src\VirtualCameraExtension\VirtualCameraExtension.h">
      <Filter>Header Files</Filter>
    </ClInclude>
    <ClInclude Include="util\camera\CameraVideoEncoder.h">
      <Filter>Header Files</Filter>
    </ClInclude>
    <ClInclude Include="util\camera\CameraVideoPlayer.h">
      <Filter>Header Files</Filter>
    </ClInclude>
  </ItemGroup>
  <ItemGroup>
    <None Include="ext\glm\gtc\bitfield.inl">
      <Filter>Header Files</Filter>
    </None>
    <None Include="ext\glm\gtc\color_space.inl">
      <Filter>Header Files</Filter>
    </None>
    <None Include="ext\glm\gtc\constants.inl">
      <Filter>Header Files</Filter>
    </None>
    <None Include="ext\glm\gtc\epsilon.inl">
      <Filter>Header Files</Filter>
    </None>
    <None Include="ext\glm\gtc\integer.inl">
      <Filter>Header Files</Filter>
    </None>
    <None Include="ext\glm\gtc\matrix_access.inl">
      <Filter>Header Files</Filter>
    </None>
    <None Include="ext\glm\gtc\matrix_inverse.inl">
      <Filter>Header Files</Filter>
    </None>
    <None Include="ext\glm\gtc\matrix_transform.inl">
      <Filter>Header Files</Filter>
    </None>
    <None Include="ext\glm\gtc\noise.inl">
      <Filter>Header Files</Filter>
    </None>
    <None Include="ext\glm\gtc\packing.inl">
      <Filter>Header Files</Filter>
    </None>
    <None Include="ext\glm\gtc\quaternion.inl">
      <Filter>Header Files</Filter>
    </None>
    <None Include="ext\glm\gtc\random.inl">
      <Filter>Header Files</Filter>
    </None>
    <None Include="ext\glm\gtc\reciprocal.inl">
      <Filter>Header Files</Filter>
    </None>
    <None Include="ext\glm\gtc\round.inl">
      <Filter>Header Files</Filter>
    </None>
    <None Include="ext\glm\gtc\type_precision.inl">
      <Filter>Header Files</Filter>
    </None>
    <None Include="ext\glm\gtc\type_ptr.inl">
      <Filter>Header Files</Filter>
    </None>
    <None Include="ext\glm\gtc\ulp.inl">
      <Filter>Header Files</Filter>
    </None>
    <None Include="ext\glm\gtc\vec1.inl">
      <Filter>Header Files</Filter>
    </None>
    <None Include="resources\resources.aps" />
  </ItemGroup>
  <ItemGroup>
    <ResourceCompile Include="resources\resources.rc">
      <Filter>Resource Files</Filter>
    </ResourceCompile>
  </ItemGroup>
  <ItemGroup>
    <Image Include="resources\icon1.ico">
      <Filter>Resource Files</Filter>
    </Image>
  </ItemGroup>
</Project>